// !$*UTF8*$!
{
	archiveVersion = 1;
	classes = {
	};
	objectVersion = 51;
	objects = {

/* Begin PBXBuildFile section */
		098E3A6AA59062F2C212B5F4 /* Pods_LImagePickerDemo_LImagePickerDemoUITests.framework in Frameworks */ = {isa = PBXBuildFile; fileRef = B488418D5BFCCEC424D6A28C /* Pods_LImagePickerDemo_LImagePickerDemoUITests.framework */; };
		1B9A39CAF97DD30A5B6666C5 /* Pods_LImagePickerDemo.framework in Frameworks */ = {isa = PBXBuildFile; fileRef = 466BAFAAC5953C18583F1A65 /* Pods_LImagePickerDemo.framework */; };
		2A47714F2508626000F9B839 /* TestViewController.swift in Sources */ = {isa = PBXBuildFile; fileRef = 2A47714E2508626000F9B839 /* TestViewController.swift */; };
		2A477151250862AE00F9B839 /* LEditPickerNavView.swift in Sources */ = {isa = PBXBuildFile; fileRef = 2A477150250862AE00F9B839 /* LEditPickerNavView.swift */; };
		2A477155250862C700F9B839 /* 111ViewController.m in Sources */ = {isa = PBXBuildFile; fileRef = 2A477154250862C700F9B839 /* 111ViewController.m */; };
		2A477157250862D300F9B839 /* Filter in Resources */ = {isa = PBXBuildFile; fileRef = 2A477156250862D300F9B839 /* Filter */; };
		2A47715A2508631B00F9B839 /* LShowImageFilterCell.swift in Sources */ = {isa = PBXBuildFile; fileRef = 2A4771582508631B00F9B839 /* LShowImageFilterCell.swift */; };
		2A47715B2508631B00F9B839 /* LShowImageFilterBar.swift in Sources */ = {isa = PBXBuildFile; fileRef = 2A4771592508631B00F9B839 /* LShowImageFilterBar.swift */; };
		2AEE0D2224626C87008D5179 /* AppDelegate.swift in Sources */ = {isa = PBXBuildFile; fileRef = 2AEE0D2124626C87008D5179 /* AppDelegate.swift */; };
		2AEE0D2424626C87008D5179 /* SceneDelegate.swift in Sources */ = {isa = PBXBuildFile; fileRef = 2AEE0D2324626C87008D5179 /* SceneDelegate.swift */; };
		2AEE0D2624626C87008D5179 /* ViewController.swift in Sources */ = {isa = PBXBuildFile; fileRef = 2AEE0D2524626C87008D5179 /* ViewController.swift */; };
		2AEE0D2924626C87008D5179 /* Main.storyboard in Resources */ = {isa = PBXBuildFile; fileRef = 2AEE0D2724626C87008D5179 /* Main.storyboard */; };
		2AEE0D2C24626C87008D5179 /* LImagePickerDemo.xcdatamodeld in Sources */ = {isa = PBXBuildFile; fileRef = 2AEE0D2A24626C87008D5179 /* LImagePickerDemo.xcdatamodeld */; };
		2AEE0D2E24626C8B008D5179 /* Assets.xcassets in Resources */ = {isa = PBXBuildFile; fileRef = 2AEE0D2D24626C8B008D5179 /* Assets.xcassets */; };
		2AEE0D3124626C8B008D5179 /* LaunchScreen.storyboard in Resources */ = {isa = PBXBuildFile; fileRef = 2AEE0D2F24626C8B008D5179 /* LaunchScreen.storyboard */; };
		2AEE0D3C24626C8B008D5179 /* LImagePickerDemoUITests.swift in Sources */ = {isa = PBXBuildFile; fileRef = 2AEE0D3B24626C8B008D5179 /* LImagePickerDemoUITests.swift */; };
		2AEE0D5424626D16008D5179 /* LImagePicker.framework in Frameworks */ = {isa = PBXBuildFile; fileRef = 2AEE0D4B24626D15008D5179 /* LImagePicker.framework */; };
		2AEE0D5B24626D16008D5179 /* LImagePickerTests.swift in Sources */ = {isa = PBXBuildFile; fileRef = 2AEE0D5A24626D16008D5179 /* LImagePickerTests.swift */; };
		2AEE0D5D24626D16008D5179 /* LImagePicker.h in Headers */ = {isa = PBXBuildFile; fileRef = 2AEE0D4D24626D15008D5179 /* LImagePicker.h */; settings = {ATTRIBUTES = (Public, ); }; };
		2AEE0D6024626D16008D5179 /* LImagePicker.framework in Frameworks */ = {isa = PBXBuildFile; fileRef = 2AEE0D4B24626D15008D5179 /* LImagePicker.framework */; };
		2AEE0D6124626D16008D5179 /* LImagePicker.framework in Embed Frameworks */ = {isa = PBXBuildFile; fileRef = 2AEE0D4B24626D15008D5179 /* LImagePicker.framework */; settings = {ATTRIBUTES = (CodeSignOnCopy, RemoveHeadersOnCopy, ); }; };
		2AEE0D8E24626E57008D5179 /* LImagePicker.bundle in Resources */ = {isa = PBXBuildFile; fileRef = 2AEE0D8924626E57008D5179 /* LImagePicker.bundle */; };
		4ACEB85AAA49E5A82D5EECBA /* Pods_LImagePicker.framework in Frameworks */ = {isa = PBXBuildFile; fileRef = 6DC2D23AF78BF62EC9A0FA0B /* Pods_LImagePicker.framework */; };
		CA9367C725121EDE00324C50 /* ModelTable.swift in Sources */ = {isa = PBXBuildFile; fileRef = CA9367C625121EDE00324C50 /* ModelTable.swift */; };
		CACA0E8E25749DC20008F7BE /* LImagePickerNavigationController.swift in Sources */ = {isa = PBXBuildFile; fileRef = CACA0E8D25749DC20008F7BE /* LImagePickerNavigationController.swift */; };
		CACA0E9325749DF70008F7BE /* LImagePickerController.swift in Sources */ = {isa = PBXBuildFile; fileRef = CACA0E9225749DF70008F7BE /* LImagePickerController.swift */; };
		CACA0E9825749E3D0008F7BE /* LPhotographController.swift in Sources */ = {isa = PBXBuildFile; fileRef = CACA0E9725749E3D0008F7BE /* LPhotographController.swift */; };
		CACA0E9D25749E7F0008F7BE /* LPhotographCollectionViewCell.swift in Sources */ = {isa = PBXBuildFile; fileRef = CACA0E9C25749E7F0008F7BE /* LPhotographCollectionViewCell.swift */; };
		CACA0EA225749EBA0008F7BE /* LPhotographImageCell.swift in Sources */ = {isa = PBXBuildFile; fileRef = CACA0EA125749EBA0008F7BE /* LPhotographImageCell.swift */; };
		CACA0EA725749EC90008F7BE /* LPhotographVideoCell.swift in Sources */ = {isa = PBXBuildFile; fileRef = CACA0EA625749EC90008F7BE /* LPhotographVideoCell.swift */; };
		CACA0EAC25749ED30008F7BE /* LPhotographGifCell.swift in Sources */ = {isa = PBXBuildFile; fileRef = CACA0EAB25749ED30008F7BE /* LPhotographGifCell.swift */; };
		CACA0EB125749EDE0008F7BE /* LPhotographLivePhotoCell.swift in Sources */ = {isa = PBXBuildFile; fileRef = CACA0EB025749EDE0008F7BE /* LPhotographLivePhotoCell.swift */; };
		CACA0EB625749EEC0008F7BE /* LPhotoAlbumController.swift in Sources */ = {isa = PBXBuildFile; fileRef = CACA0EB525749EEC0008F7BE /* LPhotoAlbumController.swift */; };
		CACA0EBB25749EFD0008F7BE /* LPhotoAlbumView.swift in Sources */ = {isa = PBXBuildFile; fileRef = CACA0EBA25749EFD0008F7BE /* LPhotoAlbumView.swift */; };
		CACA0EC025749F0B0008F7BE /* LPhotoAlbumTableViewCell.swift in Sources */ = {isa = PBXBuildFile; fileRef = CACA0EBF25749F0B0008F7BE /* LPhotoAlbumTableViewCell.swift */; };
		CACA0EC525749F1D0008F7BE /* LPreviewImageController.swift in Sources */ = {isa = PBXBuildFile; fileRef = CACA0EC425749F1D0008F7BE /* LPreviewImageController.swift */; };
		CACA0ECA25749F300008F7BE /* LPreviewCollectionViewCell.swift in Sources */ = {isa = PBXBuildFile; fileRef = CACA0EC925749F300008F7BE /* LPreviewCollectionViewCell.swift */; };
		CACA0ECF25749F3C0008F7BE /* LPreviewImageCell.swift in Sources */ = {isa = PBXBuildFile; fileRef = CACA0ECE25749F3C0008F7BE /* LPreviewImageCell.swift */; };
		CACA0ED425749F470008F7BE /* LPreviewVideoCell.swift in Sources */ = {isa = PBXBuildFile; fileRef = CACA0ED325749F470008F7BE /* LPreviewVideoCell.swift */; };
		CACA0ED925749F4F0008F7BE /* LPreviewGifCell.swift in Sources */ = {isa = PBXBuildFile; fileRef = CACA0ED825749F4F0008F7BE /* LPreviewGifCell.swift */; };
		CACA0EDE25749F590008F7BE /* LPreviewLivePhoteCell.swift in Sources */ = {isa = PBXBuildFile; fileRef = CACA0EDD25749F590008F7BE /* LPreviewLivePhoteCell.swift */; };
		CACA0EE325749F680008F7BE /* LPreviewVideoController.swift in Sources */ = {isa = PBXBuildFile; fileRef = CACA0EE225749F680008F7BE /* LPreviewVideoController.swift */; };
		CACA0EE825749F730008F7BE /* LImageCroppingView.swift in Sources */ = {isa = PBXBuildFile; fileRef = CACA0EE725749F730008F7BE /* LImageCroppingView.swift */; };
		CACA0EED25749F840008F7BE /* LTakingPicturesController.swift in Sources */ = {isa = PBXBuildFile; fileRef = CACA0EEC25749F840008F7BE /* LTakingPicturesController.swift */; };
		CACA0EF225749F8E0008F7BE /* LTakingPicturesView.swift in Sources */ = {isa = PBXBuildFile; fileRef = CACA0EF125749F8E0008F7BE /* LTakingPicturesView.swift */; };
		CACA0EF725749F9A0008F7BE /* LEditPicturesController.swift in Sources */ = {isa = PBXBuildFile; fileRef = CACA0EF625749F9A0008F7BE /* LEditPicturesController.swift */; };
		CACA0EFC25749FCD0008F7BE /* LPreviewAnimation.swift in Sources */ = {isa = PBXBuildFile; fileRef = CACA0EFB25749FCD0008F7BE /* LPreviewAnimation.swift */; };
		CACA0F0125749FD40008F7BE /* LImagePcikerDefine.swift in Sources */ = {isa = PBXBuildFile; fileRef = CACA0F0025749FD40008F7BE /* LImagePcikerDefine.swift */; };
		CACA0F0625749FDC0008F7BE /* String+LImagePicker.swift in Sources */ = {isa = PBXBuildFile; fileRef = CACA0F0525749FDC0008F7BE /* String+LImagePicker.swift */; };
		CACA0F0B25749FE30008F7BE /* UIColor+LImagePicker.swift in Sources */ = {isa = PBXBuildFile; fileRef = CACA0F0A25749FE30008F7BE /* UIColor+LImagePicker.swift */; };
		CACA0F1025749FEC0008F7BE /* UIImage+LImagePicker.swift in Sources */ = {isa = PBXBuildFile; fileRef = CACA0F0F25749FEC0008F7BE /* UIImage+LImagePicker.swift */; };
		CACA0F1525749FF30008F7BE /* LImagePicker+Extension.swift in Sources */ = {isa = PBXBuildFile; fileRef = CACA0F1425749FF30008F7BE /* LImagePicker+Extension.swift */; };
		CACA0F1A25749FF90008F7BE /* LImagePickerManager.swift in Sources */ = {isa = PBXBuildFile; fileRef = CACA0F1925749FF90008F7BE /* LImagePickerManager.swift */; };
		CACA0F1F25749FFF0008F7BE /* LImagePickerOperation.swift in Sources */ = {isa = PBXBuildFile; fileRef = CACA0F1E25749FFF0008F7BE /* LImagePickerOperation.swift */; };
		CACA0F242574A0060008F7BE /* LImagePickerConfiguration.swift in Sources */ = {isa = PBXBuildFile; fileRef = CACA0F232574A0060008F7BE /* LImagePickerConfiguration.swift */; };
		CACA0F292574A0170008F7BE /* LProgressBarView.swift in Sources */ = {isa = PBXBuildFile; fileRef = CACA0F282574A0170008F7BE /* LProgressBarView.swift */; };
		CACA0F2E2574A01D0008F7BE /* LPicturesSelectedView.swift in Sources */ = {isa = PBXBuildFile; fileRef = CACA0F2D2574A01D0008F7BE /* LPicturesSelectedView.swift */; };
		CACA0F332574A0240008F7BE /* LImagePickerPromptView.swift in Sources */ = {isa = PBXBuildFile; fileRef = CACA0F322574A0240008F7BE /* LImagePickerPromptView.swift */; };
		CACA0F382574A02B0008F7BE /* LImagePickerNavView.swift in Sources */ = {isa = PBXBuildFile; fileRef = CACA0F372574A02B0008F7BE /* LImagePickerNavView.swift */; };
		CACA0F3D2574A0320008F7BE /* LImageBottomView.swift in Sources */ = {isa = PBXBuildFile; fileRef = CACA0F3C2574A0320008F7BE /* LImageBottomView.swift */; };
		CACA0F422574A05E0008F7BE /* LImagePickerProtocol.swift in Sources */ = {isa = PBXBuildFile; fileRef = CACA0F412574A05E0008F7BE /* LImagePickerProtocol.swift */; };
		CACA0F4A2574A0640008F7BE /* LImageNavProtocol.swift in Sources */ = {isa = PBXBuildFile; fileRef = CACA0F492574A0640008F7BE /* LImageNavProtocol.swift */; };
		CACA0F4F2574A0690008F7BE /* LImageBottomProtocl.swift in Sources */ = {isa = PBXBuildFile; fileRef = CACA0F4E2574A0690008F7BE /* LImageBottomProtocl.swift */; };
		CACA0F5A2574BF1B0008F7BE /* LImagePickerModel.swift in Sources */ = {isa = PBXBuildFile; fileRef = CACA0F592574BF1B0008F7BE /* LImagePickerModel.swift */; };
		CACA0FB1257624D30008F7BE /* LTakingPicturesProtocol.swift in Sources */ = {isa = PBXBuildFile; fileRef = CACA0FB0257624D30008F7BE /* LTakingPicturesProtocol.swift */; };
		CACA0FB625762ECF0008F7BE /* LTakingPicturesOperationView.swift in Sources */ = {isa = PBXBuildFile; fileRef = CACA0FB525762ECF0008F7BE /* LTakingPicturesOperationView.swift */; };
		D25CA19329EF42C15E2830EA /* Pods_LImagePicker_LImagePickerTests.framework in Frameworks */ = {isa = PBXBuildFile; fileRef = 7597E7FDDDF881C524BF756F /* Pods_LImagePicker_LImagePickerTests.framework */; };
/* End PBXBuildFile section */

/* Begin PBXContainerItemProxy section */
		2AEE0D3824626C8B008D5179 /* PBXContainerItemProxy */ = {
			isa = PBXContainerItemProxy;
			containerPortal = 2AEE0D1624626C87008D5179 /* Project object */;
			proxyType = 1;
			remoteGlobalIDString = 2AEE0D1D24626C87008D5179;
			remoteInfo = LImagePickerDemo;
		};
		2AEE0D5524626D16008D5179 /* PBXContainerItemProxy */ = {
			isa = PBXContainerItemProxy;
			containerPortal = 2AEE0D1624626C87008D5179 /* Project object */;
			proxyType = 1;
			remoteGlobalIDString = 2AEE0D4A24626D15008D5179;
			remoteInfo = LImagePicker;
		};
		2AEE0D5724626D16008D5179 /* PBXContainerItemProxy */ = {
			isa = PBXContainerItemProxy;
			containerPortal = 2AEE0D1624626C87008D5179 /* Project object */;
			proxyType = 1;
			remoteGlobalIDString = 2AEE0D1D24626C87008D5179;
			remoteInfo = LImagePickerDemo;
		};
		2AEE0D5E24626D16008D5179 /* PBXContainerItemProxy */ = {
			isa = PBXContainerItemProxy;
			containerPortal = 2AEE0D1624626C87008D5179 /* Project object */;
			proxyType = 1;
			remoteGlobalIDString = 2AEE0D4A24626D15008D5179;
			remoteInfo = LImagePicker;
		};
/* End PBXContainerItemProxy section */

/* Begin PBXCopyFilesBuildPhase section */
		2AEE0D6524626D16008D5179 /* Embed Frameworks */ = {
			isa = PBXCopyFilesBuildPhase;
			buildActionMask = 2147483647;
			dstPath = "";
			dstSubfolderSpec = 10;
			files = (
				2AEE0D6124626D16008D5179 /* LImagePicker.framework in Embed Frameworks */,
			);
			name = "Embed Frameworks";
			runOnlyForDeploymentPostprocessing = 0;
		};
/* End PBXCopyFilesBuildPhase section */

/* Begin PBXFileReference section */
		2767F6AC369B16CC23B3C0A2 /* Pods-LImagePicker.debug.xcconfig */ = {isa = PBXFileReference; includeInIndex = 1; lastKnownFileType = text.xcconfig; name = "Pods-LImagePicker.debug.xcconfig"; path = "Target Support Files/Pods-LImagePicker/Pods-LImagePicker.debug.xcconfig"; sourceTree = "<group>"; };
		2A271AF924B33BAC009239EA /* LImageCameraViewController.swift */ = {isa = PBXFileReference; lastKnownFileType = sourcecode.swift; path = LImageCameraViewController.swift; sourceTree = "<group>"; };
		2A271AFC24B36CC2009239EA /* LImageCameraView.swift */ = {isa = PBXFileReference; lastKnownFileType = sourcecode.swift; path = LImageCameraView.swift; sourceTree = "<group>"; };
		2A271AFE24B4224E009239EA /* LImageCameraOperationView.swift */ = {isa = PBXFileReference; lastKnownFileType = sourcecode.swift; path = LImageCameraOperationView.swift; sourceTree = "<group>"; };
		2A271B0024B4B1C9009239EA /* LImageCameraTabBarView.swift */ = {isa = PBXFileReference; lastKnownFileType = sourcecode.swift; path = LImageCameraTabBarView.swift; sourceTree = "<group>"; };
		2A271B0224B4C7E7009239EA /* LImageCameraPlayerView.swift */ = {isa = PBXFileReference; lastKnownFileType = sourcecode.swift; path = LImageCameraPlayerView.swift; sourceTree = "<group>"; };
		2A2AECBE24E1712700DF26EA /* SplitScreen9.fsh */ = {isa = PBXFileReference; lastKnownFileType = sourcecode.glsl; path = SplitScreen9.fsh; sourceTree = "<group>"; };
		2A2AECC024E1713900DF26EA /* SplitScreen9.vsh */ = {isa = PBXFileReference; lastKnownFileType = sourcecode.glsl; path = SplitScreen9.vsh; sourceTree = "<group>"; };
		2A2AECC624E1766500DF26EA /* UpsideDown.fsh */ = {isa = PBXFileReference; lastKnownFileType = sourcecode.glsl; path = UpsideDown.fsh; sourceTree = "<group>"; };
		2A2AECC824E1766D00DF26EA /* UpsideDown.vsh */ = {isa = PBXFileReference; lastKnownFileType = sourcecode.glsl; path = UpsideDown.vsh; sourceTree = "<group>"; };
		2A2AECCA24E1767C00DF26EA /* Mosaic1.fsh */ = {isa = PBXFileReference; lastKnownFileType = sourcecode.glsl; path = Mosaic1.fsh; sourceTree = "<group>"; };
		2A2AECCC24E1768400DF26EA /* Mosaic1.vsh */ = {isa = PBXFileReference; lastKnownFileType = sourcecode.glsl; path = Mosaic1.vsh; sourceTree = "<group>"; };
		2A2AECCE24E1768E00DF26EA /* Mosaic2.fsh */ = {isa = PBXFileReference; lastKnownFileType = sourcecode.glsl; path = Mosaic2.fsh; sourceTree = "<group>"; };
		2A2AECD024E1769500DF26EA /* Mosaic2.vsh */ = {isa = PBXFileReference; lastKnownFileType = sourcecode.glsl; path = Mosaic2.vsh; sourceTree = "<group>"; };
		2A2AECD224E176A000DF26EA /* Mosaic3.fsh */ = {isa = PBXFileReference; lastKnownFileType = sourcecode.glsl; path = Mosaic3.fsh; sourceTree = "<group>"; };
		2A2AECD424E176A600DF26EA /* Mosaic3.vsh */ = {isa = PBXFileReference; lastKnownFileType = sourcecode.glsl; path = Mosaic3.vsh; sourceTree = "<group>"; };
		2A2AECDA24E4127F00DF26EA /* Zoom.fsh */ = {isa = PBXFileReference; lastKnownFileType = sourcecode.glsl; path = Zoom.fsh; sourceTree = "<group>"; };
		2A2AECDC24E4128B00DF26EA /* Zoom.vsh */ = {isa = PBXFileReference; lastKnownFileType = sourcecode.glsl; path = Zoom.vsh; sourceTree = "<group>"; };
		2A2AECDE24E412AB00DF26EA /* Outside.fsh */ = {isa = PBXFileReference; lastKnownFileType = sourcecode.glsl; path = Outside.fsh; sourceTree = "<group>"; };
		2A2AECE024E412B600DF26EA /* Outside.vsh */ = {isa = PBXFileReference; lastKnownFileType = sourcecode.glsl; path = Outside.vsh; sourceTree = "<group>"; };
		2A2AECE224E41E6F00DF26EA /* Jitter.fsh */ = {isa = PBXFileReference; lastKnownFileType = sourcecode.glsl; path = Jitter.fsh; sourceTree = "<group>"; };
		2A2AECE424E41E7700DF26EA /* Jitter.vsh */ = {isa = PBXFileReference; lastKnownFileType = sourcecode.glsl; path = Jitter.vsh; sourceTree = "<group>"; };
		2A2AECE624E41E8500DF26EA /* FlashWhite.fsh */ = {isa = PBXFileReference; lastKnownFileType = sourcecode.glsl; path = FlashWhite.fsh; sourceTree = "<group>"; };
		2A2AECE824E41E8D00DF26EA /* FlashWhite.vsh */ = {isa = PBXFileReference; lastKnownFileType = sourcecode.glsl; path = FlashWhite.vsh; sourceTree = "<group>"; };
		2A2AECEB24E41ECC00DF26EA /* Illusion.fsh */ = {isa = PBXFileReference; lastKnownFileType = sourcecode.glsl; path = Illusion.fsh; sourceTree = "<group>"; };
		2A2AECED24E41ED600DF26EA /* Illusion.vsh */ = {isa = PBXFileReference; lastKnownFileType = sourcecode.glsl; path = Illusion.vsh; sourceTree = "<group>"; };
		2A2AECF024E4291500DF26EA /* Burr.fsh */ = {isa = PBXFileReference; lastKnownFileType = sourcecode.glsl; path = Burr.fsh; sourceTree = "<group>"; };
		2A2AECF224E4291D00DF26EA /* Burr.vsh */ = {isa = PBXFileReference; lastKnownFileType = sourcecode.glsl; path = Burr.vsh; sourceTree = "<group>"; };
		2A2AED9524F89A3400DF26EA /* LImagePickerController.h */ = {isa = PBXFileReference; lastKnownFileType = sourcecode.c.h; path = LImagePickerController.h; sourceTree = "<group>"; };
		2A2AED9624F89A3400DF26EA /* Info.plist */ = {isa = PBXFileReference; lastKnownFileType = text.plist.xml; path = Info.plist; sourceTree = "<group>"; };
		2A2AEDA224F89A3400DF26EA /* LImagePickerControllerTests.swift */ = {isa = PBXFileReference; lastKnownFileType = sourcecode.swift; path = LImagePickerControllerTests.swift; sourceTree = "<group>"; };
		2A2AEDA424F89A3400DF26EA /* Info.plist */ = {isa = PBXFileReference; lastKnownFileType = text.plist.xml; path = Info.plist; sourceTree = "<group>"; };
		2A2AEDB224F89B8500DF26EA /* LImagePickerController.swift */ = {isa = PBXFileReference; lastKnownFileType = sourcecode.swift; path = LImagePickerController.swift; sourceTree = "<group>"; };
		2A2AEDB424F8A3D600DF26EA /* LImagePickerManager.swift */ = {isa = PBXFileReference; lastKnownFileType = sourcecode.swift; path = LImagePickerManager.swift; sourceTree = "<group>"; };
		2A2AEDB624F8AB8200DF26EA /* LPhotoPickerController.swift */ = {isa = PBXFileReference; lastKnownFileType = sourcecode.swift; path = LPhotoPickerController.swift; sourceTree = "<group>"; };
		2A2AEDB824F8AD0700DF26EA /* LImagePickerPromptView.swift */ = {isa = PBXFileReference; lastKnownFileType = sourcecode.swift; path = LImagePickerPromptView.swift; sourceTree = "<group>"; };
		2A2AEDBA24F8B08700DF26EA /* LImagePickerViewExtensions.swift */ = {isa = PBXFileReference; lastKnownFileType = sourcecode.swift; path = LImagePickerViewExtensions.swift; sourceTree = "<group>"; };
		2A2AEDBC24F8D8AD00DF26EA /* LImagePickerAboutApp.swift */ = {isa = PBXFileReference; lastKnownFileType = sourcecode.swift; path = LImagePickerAboutApp.swift; sourceTree = "<group>"; };
		2A2AEDBE24F8D97A00DF26EA /* LImagePickerController.bundle */ = {isa = PBXFileReference; lastKnownFileType = "wrapper.plug-in"; path = LImagePickerController.bundle; sourceTree = "<group>"; };
		2A2AEDC024F8D9F300DF26EA /* LImagePickerAboutExtensions.swift */ = {isa = PBXFileReference; lastKnownFileType = sourcecode.swift; path = LImagePickerAboutExtensions.swift; sourceTree = "<group>"; };
		2A2AEDC224F8DFD700DF26EA /* LAlbumPickerController.swift */ = {isa = PBXFileReference; lastKnownFileType = sourcecode.swift; path = LAlbumPickerController.swift; sourceTree = "<group>"; };
		2A2AEDC424F8E21000DF26EA /* LImagePickerColorExtensions.swift */ = {isa = PBXFileReference; lastKnownFileType = sourcecode.swift; path = LImagePickerColorExtensions.swift; sourceTree = "<group>"; };
		2A2AEDC624F8E52500DF26EA /* LImageShowViewController.swift */ = {isa = PBXFileReference; lastKnownFileType = sourcecode.swift; path = LImageShowViewController.swift; sourceTree = "<group>"; };
		2A2AEDC824F8E66800DF26EA /* LImageShow.swift */ = {isa = PBXFileReference; lastKnownFileType = sourcecode.swift; path = LImageShow.swift; sourceTree = "<group>"; };
		2A2AEDCA24F8E9E300DF26EA /* LCameraPickerViewController.swift */ = {isa = PBXFileReference; lastKnownFileType = sourcecode.swift; path = LCameraPickerViewController.swift; sourceTree = "<group>"; };
		2A2AEDCC24F8F23400DF26EA /* LImageShowCollectionViewCell.swift */ = {isa = PBXFileReference; lastKnownFileType = sourcecode.swift; path = LImageShowCollectionViewCell.swift; sourceTree = "<group>"; };
		2A3E1E5424A1F0C900D14A6A /* LPromptView.swift */ = {isa = PBXFileReference; lastKnownFileType = sourcecode.swift; path = LPromptView.swift; sourceTree = "<group>"; };
		2A3E1E5624A1FBF100D14A6A /* LPublicImageParameter.bundle */ = {isa = PBXFileReference; lastKnownFileType = "wrapper.plug-in"; path = LPublicImageParameter.bundle; sourceTree = "<group>"; };
		2A47713925060F7100F9B839 /* LImagePickerBottomView.swift */ = {isa = PBXFileReference; lastKnownFileType = sourcecode.swift; path = LImagePickerBottomView.swift; sourceTree = "<group>"; };
		2A47714E2508626000F9B839 /* TestViewController.swift */ = {isa = PBXFileReference; lastKnownFileType = sourcecode.swift; path = TestViewController.swift; sourceTree = "<group>"; };
		2A477150250862AE00F9B839 /* LEditPickerNavView.swift */ = {isa = PBXFileReference; fileEncoding = 4; lastKnownFileType = sourcecode.swift; name = LEditPickerNavView.swift; path = LImageShow/View/LEditPickerNavView.swift; sourceTree = SOURCE_ROOT; };
		2A477152250862C700F9B839 /* LImagePickerDemo-Bridging-Header.h */ = {isa = PBXFileReference; lastKnownFileType = sourcecode.c.h; path = "LImagePickerDemo-Bridging-Header.h"; sourceTree = "<group>"; };
		2A477153250862C700F9B839 /* 111ViewController.h */ = {isa = PBXFileReference; lastKnownFileType = sourcecode.c.h; path = 111ViewController.h; sourceTree = "<group>"; };
		2A477154250862C700F9B839 /* 111ViewController.m */ = {isa = PBXFileReference; lastKnownFileType = sourcecode.c.objc; path = 111ViewController.m; sourceTree = "<group>"; };
		2A477156250862D300F9B839 /* Filter */ = {isa = PBXFileReference; fileEncoding = 4; lastKnownFileType = text; name = Filter; path = LImageShow/Filter; sourceTree = SOURCE_ROOT; };
		2A4771582508631B00F9B839 /* LShowImageFilterCell.swift */ = {isa = PBXFileReference; fileEncoding = 4; lastKnownFileType = sourcecode.swift; name = LShowImageFilterCell.swift; path = LImageShow/View/LShowImageFilterCell.swift; sourceTree = SOURCE_ROOT; };
		2A4771592508631B00F9B839 /* LShowImageFilterBar.swift */ = {isa = PBXFileReference; fileEncoding = 4; lastKnownFileType = sourcecode.swift; name = LShowImageFilterBar.swift; path = LImageShow/View/LShowImageFilterBar.swift; sourceTree = SOURCE_ROOT; };
		2A6A7DE524DC11B3008709E3 /* Normal.vsh */ = {isa = PBXFileReference; lastKnownFileType = sourcecode.glsl; path = Normal.vsh; sourceTree = "<group>"; };
		2A6A7DE624DC11B3008709E3 /* Normal.fsh */ = {isa = PBXFileReference; lastKnownFileType = sourcecode.glsl; path = Normal.fsh; sourceTree = "<group>"; };
		2A6A7E7B24DFC315008709E3 /* FilterView.h */ = {isa = PBXFileReference; lastKnownFileType = sourcecode.c.h; path = FilterView.h; sourceTree = "<group>"; };
		2A6A7E7C24DFC315008709E3 /* FilterView.m */ = {isa = PBXFileReference; lastKnownFileType = sourcecode.c.objc; path = FilterView.m; sourceTree = "<group>"; };
		2A6A7E8724DFF6C3008709E3 /* Gray.fsh */ = {isa = PBXFileReference; lastKnownFileType = sourcecode.glsl; path = Gray.fsh; sourceTree = "<group>"; };
		2A6A7E8924DFF6D2008709E3 /* Gray.vsh */ = {isa = PBXFileReference; lastKnownFileType = sourcecode.glsl; path = Gray.vsh; sourceTree = "<group>"; };
		2A6A7E8C24E00222008709E3 /* SplitScreen2.fsh */ = {isa = PBXFileReference; lastKnownFileType = sourcecode.glsl; path = SplitScreen2.fsh; sourceTree = "<group>"; };
		2A6A7E8E24E0022E008709E3 /* SplitScreen2.vsh */ = {isa = PBXFileReference; lastKnownFileType = sourcecode.glsl; path = SplitScreen2.vsh; sourceTree = "<group>"; };
		2A6A7E9024E00776008709E3 /* LShowImageFilterBar.swift */ = {isa = PBXFileReference; lastKnownFileType = sourcecode.swift; path = LShowImageFilterBar.swift; sourceTree = "<group>"; };
		2A6A7E9224E00785008709E3 /* LShowImageFilterCell.swift */ = {isa = PBXFileReference; lastKnownFileType = sourcecode.swift; path = LShowImageFilterCell.swift; sourceTree = "<group>"; };
		2A75811F24A105CC00592990 /* LShowVideoPlayViewController.swift */ = {isa = PBXFileReference; lastKnownFileType = sourcecode.swift; path = LShowVideoPlayViewController.swift; sourceTree = "<group>"; };
		2A75812124A106E000592990 /* LEditPickerNavView.swift */ = {isa = PBXFileReference; lastKnownFileType = sourcecode.swift; path = LEditPickerNavView.swift; sourceTree = "<group>"; };
		2A75812324A1071C00592990 /* LEditPhotosViewController.swift */ = {isa = PBXFileReference; lastKnownFileType = sourcecode.swift; path = LEditPhotosViewController.swift; sourceTree = "<group>"; };
		2AAF62D124FA2B5600761046 /* LImagePickerConfiguration.swift */ = {isa = PBXFileReference; lastKnownFileType = sourcecode.swift; path = LImagePickerConfiguration.swift; sourceTree = "<group>"; };
		2AAF62D324FA329200761046 /* LCameraPickerView.swift */ = {isa = PBXFileReference; lastKnownFileType = sourcecode.swift; path = LCameraPickerView.swift; sourceTree = "<group>"; };
		2AAF62D524FCA5AD00761046 /* LPhotoPickerViewCell.swift */ = {isa = PBXFileReference; lastKnownFileType = sourcecode.swift; path = LPhotoPickerViewCell.swift; sourceTree = "<group>"; };
		2AAF62E124FF527B00761046 /* LAlbumPickerCell.swift */ = {isa = PBXFileReference; lastKnownFileType = sourcecode.swift; path = LAlbumPickerCell.swift; sourceTree = "<group>"; };
		2AAF62E324FFDB0D00761046 /* LImagePickerNavView.swift */ = {isa = PBXFileReference; lastKnownFileType = sourcecode.swift; path = LImagePickerNavView.swift; sourceTree = "<group>"; };
		2AAF632F2504EF5B00761046 /* LProgressView.swift */ = {isa = PBXFileReference; lastKnownFileType = sourcecode.swift; path = LProgressView.swift; sourceTree = "<group>"; };
		2ACD8224246433D70070C4F0 /* zh-Hans */ = {isa = PBXFileReference; lastKnownFileType = text.plist.strings; name = "zh-Hans"; path = "zh-Hans.lproj/Main.strings"; sourceTree = "<group>"; };
		2ACD8225246433D70070C4F0 /* zh-Hans */ = {isa = PBXFileReference; lastKnownFileType = text.plist.strings; name = "zh-Hans"; path = "zh-Hans.lproj/LaunchScreen.strings"; sourceTree = "<group>"; };
		2AEE0D1E24626C87008D5179 /* LImagePickerDemo.app */ = {isa = PBXFileReference; explicitFileType = wrapper.application; includeInIndex = 0; path = LImagePickerDemo.app; sourceTree = BUILT_PRODUCTS_DIR; };
		2AEE0D2124626C87008D5179 /* AppDelegate.swift */ = {isa = PBXFileReference; lastKnownFileType = sourcecode.swift; path = AppDelegate.swift; sourceTree = "<group>"; };
		2AEE0D2324626C87008D5179 /* SceneDelegate.swift */ = {isa = PBXFileReference; lastKnownFileType = sourcecode.swift; path = SceneDelegate.swift; sourceTree = "<group>"; };
		2AEE0D2524626C87008D5179 /* ViewController.swift */ = {isa = PBXFileReference; lastKnownFileType = sourcecode.swift; path = ViewController.swift; sourceTree = "<group>"; };
		2AEE0D2824626C87008D5179 /* Base */ = {isa = PBXFileReference; lastKnownFileType = file.storyboard; name = Base; path = Base.lproj/Main.storyboard; sourceTree = "<group>"; };
		2AEE0D2B24626C87008D5179 /* LImagePickerDemo.xcdatamodel */ = {isa = PBXFileReference; lastKnownFileType = wrapper.xcdatamodel; path = LImagePickerDemo.xcdatamodel; sourceTree = "<group>"; };
		2AEE0D2D24626C8B008D5179 /* Assets.xcassets */ = {isa = PBXFileReference; lastKnownFileType = folder.assetcatalog; path = Assets.xcassets; sourceTree = "<group>"; };
		2AEE0D3024626C8B008D5179 /* Base */ = {isa = PBXFileReference; lastKnownFileType = file.storyboard; name = Base; path = Base.lproj/LaunchScreen.storyboard; sourceTree = "<group>"; };
		2AEE0D3224626C8B008D5179 /* Info.plist */ = {isa = PBXFileReference; lastKnownFileType = text.plist.xml; path = Info.plist; sourceTree = "<group>"; };
		2AEE0D3724626C8B008D5179 /* LImagePickerDemoUITests.xctest */ = {isa = PBXFileReference; explicitFileType = wrapper.cfbundle; includeInIndex = 0; path = LImagePickerDemoUITests.xctest; sourceTree = BUILT_PRODUCTS_DIR; };
		2AEE0D3B24626C8B008D5179 /* LImagePickerDemoUITests.swift */ = {isa = PBXFileReference; lastKnownFileType = sourcecode.swift; path = LImagePickerDemoUITests.swift; sourceTree = "<group>"; };
		2AEE0D3D24626C8B008D5179 /* Info.plist */ = {isa = PBXFileReference; lastKnownFileType = text.plist.xml; path = Info.plist; sourceTree = "<group>"; };
		2AEE0D4B24626D15008D5179 /* LImagePicker.framework */ = {isa = PBXFileReference; explicitFileType = wrapper.framework; includeInIndex = 0; path = LImagePicker.framework; sourceTree = BUILT_PRODUCTS_DIR; };
		2AEE0D4D24626D15008D5179 /* LImagePicker.h */ = {isa = PBXFileReference; lastKnownFileType = sourcecode.c.h; path = LImagePicker.h; sourceTree = "<group>"; };
		2AEE0D4E24626D15008D5179 /* Info.plist */ = {isa = PBXFileReference; lastKnownFileType = text.plist.xml; path = Info.plist; sourceTree = "<group>"; };
		2AEE0D5324626D16008D5179 /* LImagePickerTests.xctest */ = {isa = PBXFileReference; explicitFileType = wrapper.cfbundle; includeInIndex = 0; path = LImagePickerTests.xctest; sourceTree = BUILT_PRODUCTS_DIR; };
		2AEE0D5A24626D16008D5179 /* LImagePickerTests.swift */ = {isa = PBXFileReference; lastKnownFileType = sourcecode.swift; path = LImagePickerTests.swift; sourceTree = "<group>"; };
		2AEE0D5C24626D16008D5179 /* Info.plist */ = {isa = PBXFileReference; lastKnownFileType = text.plist.xml; path = Info.plist; sourceTree = "<group>"; };
		2AEE0D8924626E57008D5179 /* LImagePicker.bundle */ = {isa = PBXFileReference; lastKnownFileType = "wrapper.plug-in"; path = LImagePicker.bundle; sourceTree = "<group>"; };
		2AEEED7E249BAF850009AAE1 /* LPublicImageParameter.h */ = {isa = PBXFileReference; lastKnownFileType = sourcecode.c.h; path = LPublicImageParameter.h; sourceTree = "<group>"; };
		2AEEED7F249BAF850009AAE1 /* Info.plist */ = {isa = PBXFileReference; lastKnownFileType = text.plist.xml; path = Info.plist; sourceTree = "<group>"; };
		2AEEED8B249BAF850009AAE1 /* LPublicImageParameterTests.swift */ = {isa = PBXFileReference; lastKnownFileType = sourcecode.swift; path = LPublicImageParameterTests.swift; sourceTree = "<group>"; };
		2AEEED8D249BAF850009AAE1 /* Info.plist */ = {isa = PBXFileReference; lastKnownFileType = text.plist.xml; path = Info.plist; sourceTree = "<group>"; };
		2AEEED99249BAFE40009AAE1 /* LAlbumPickerModel.swift */ = {isa = PBXFileReference; lastKnownFileType = sourcecode.swift; path = LAlbumPickerModel.swift; sourceTree = "<group>"; };
		2AEEED9B249BB32A0009AAE1 /* LAboutApp.swift */ = {isa = PBXFileReference; lastKnownFileType = sourcecode.swift; path = LAboutApp.swift; sourceTree = "<group>"; };
		2AEEEDB7249C91E60009AAE1 /* LImageCamera.h */ = {isa = PBXFileReference; lastKnownFileType = sourcecode.c.h; path = LImageCamera.h; sourceTree = "<group>"; };
		2AEEEDB8249C91E60009AAE1 /* Info.plist */ = {isa = PBXFileReference; lastKnownFileType = text.plist.xml; path = Info.plist; sourceTree = "<group>"; };
		2AEEEDC4249C91E60009AAE1 /* LImageCameraTests.swift */ = {isa = PBXFileReference; lastKnownFileType = sourcecode.swift; path = LImageCameraTests.swift; sourceTree = "<group>"; };
		2AEEEDC6249C91E60009AAE1 /* Info.plist */ = {isa = PBXFileReference; lastKnownFileType = text.plist.xml; path = Info.plist; sourceTree = "<group>"; };
		2AEEEDD9249C92160009AAE1 /* LImageShow.h */ = {isa = PBXFileReference; lastKnownFileType = sourcecode.c.h; path = LImageShow.h; sourceTree = "<group>"; };
		2AEEEDDA249C92160009AAE1 /* Info.plist */ = {isa = PBXFileReference; lastKnownFileType = text.plist.xml; path = Info.plist; sourceTree = "<group>"; };
		2AEEEDE6249C92160009AAE1 /* LImageShowTests.swift */ = {isa = PBXFileReference; lastKnownFileType = sourcecode.swift; path = LImageShowTests.swift; sourceTree = "<group>"; };
		2AEEEDE8249C92160009AAE1 /* Info.plist */ = {isa = PBXFileReference; lastKnownFileType = text.plist.xml; path = Info.plist; sourceTree = "<group>"; };
		2AEEEDF4249C92E20009AAE1 /* LImageShow.swift */ = {isa = PBXFileReference; lastKnownFileType = sourcecode.swift; path = LImageShow.swift; sourceTree = "<group>"; };
		2AEEEDF6249C940C0009AAE1 /* LShowImageConfiguration.swift */ = {isa = PBXFileReference; lastKnownFileType = sourcecode.swift; path = LShowImageConfiguration.swift; sourceTree = "<group>"; };
		2AEEEDF8249C958F0009AAE1 /* LShowImageViewController.swift */ = {isa = PBXFileReference; lastKnownFileType = sourcecode.swift; path = LShowImageViewController.swift; sourceTree = "<group>"; };
		2AEEEDFA249C95CC0009AAE1 /* LShowImageVCDelegate.swift */ = {isa = PBXFileReference; lastKnownFileType = sourcecode.swift; path = LShowImageVCDelegate.swift; sourceTree = "<group>"; };
		2AEEEDFC249C96630009AAE1 /* LShowImageNavView.swift */ = {isa = PBXFileReference; lastKnownFileType = sourcecode.swift; path = LShowImageNavView.swift; sourceTree = "<group>"; };
		2AEEEDFE249CE1D80009AAE1 /* LShowImageTabBarView.swift */ = {isa = PBXFileReference; lastKnownFileType = sourcecode.swift; path = LShowImageTabBarView.swift; sourceTree = "<group>"; };
		2AEEEE00249CE2650009AAE1 /* LShowImageCollectionViewCell.swift */ = {isa = PBXFileReference; lastKnownFileType = sourcecode.swift; path = LShowImageCollectionViewCell.swift; sourceTree = "<group>"; };
		2AEEEE02249CE6110009AAE1 /* LGifImage.swift */ = {isa = PBXFileReference; lastKnownFileType = sourcecode.swift; path = LGifImage.swift; sourceTree = "<group>"; };
		426DB4729096E875B83AE9E9 /* Pods-LImagePickerDemo.debug.xcconfig */ = {isa = PBXFileReference; includeInIndex = 1; lastKnownFileType = text.xcconfig; name = "Pods-LImagePickerDemo.debug.xcconfig"; path = "Target Support Files/Pods-LImagePickerDemo/Pods-LImagePickerDemo.debug.xcconfig"; sourceTree = "<group>"; };
		466BAFAAC5953C18583F1A65 /* Pods_LImagePickerDemo.framework */ = {isa = PBXFileReference; explicitFileType = wrapper.framework; includeInIndex = 0; path = Pods_LImagePickerDemo.framework; sourceTree = BUILT_PRODUCTS_DIR; };
		685A9A7BD1E23A0EE9191ED9 /* Pods-LImagePickerDemo-LImagePickerDemoUITests.debug.xcconfig */ = {isa = PBXFileReference; includeInIndex = 1; lastKnownFileType = text.xcconfig; name = "Pods-LImagePickerDemo-LImagePickerDemoUITests.debug.xcconfig"; path = "Target Support Files/Pods-LImagePickerDemo-LImagePickerDemoUITests/Pods-LImagePickerDemo-LImagePickerDemoUITests.debug.xcconfig"; sourceTree = "<group>"; };
		6DC2D23AF78BF62EC9A0FA0B /* Pods_LImagePicker.framework */ = {isa = PBXFileReference; explicitFileType = wrapper.framework; includeInIndex = 0; path = Pods_LImagePicker.framework; sourceTree = BUILT_PRODUCTS_DIR; };
		7597E7FDDDF881C524BF756F /* Pods_LImagePicker_LImagePickerTests.framework */ = {isa = PBXFileReference; explicitFileType = wrapper.framework; includeInIndex = 0; path = Pods_LImagePicker_LImagePickerTests.framework; sourceTree = BUILT_PRODUCTS_DIR; };
		9EE72F3B60D8ABA4C27E033F /* Pods-LImagePicker-LImagePickerTests.debug.xcconfig */ = {isa = PBXFileReference; includeInIndex = 1; lastKnownFileType = text.xcconfig; name = "Pods-LImagePicker-LImagePickerTests.debug.xcconfig"; path = "Target Support Files/Pods-LImagePicker-LImagePickerTests/Pods-LImagePicker-LImagePickerTests.debug.xcconfig"; sourceTree = "<group>"; };
		B488418D5BFCCEC424D6A28C /* Pods_LImagePickerDemo_LImagePickerDemoUITests.framework */ = {isa = PBXFileReference; explicitFileType = wrapper.framework; includeInIndex = 0; path = Pods_LImagePickerDemo_LImagePickerDemoUITests.framework; sourceTree = BUILT_PRODUCTS_DIR; };
		BE1A9ECADFED227E90A273D9 /* Pods-LImagePickerDemo.release.xcconfig */ = {isa = PBXFileReference; includeInIndex = 1; lastKnownFileType = text.xcconfig; name = "Pods-LImagePickerDemo.release.xcconfig"; path = "Target Support Files/Pods-LImagePickerDemo/Pods-LImagePickerDemo.release.xcconfig"; sourceTree = "<group>"; };
		CA9367C625121EDE00324C50 /* ModelTable.swift */ = {isa = PBXFileReference; lastKnownFileType = sourcecode.swift; path = ModelTable.swift; sourceTree = "<group>"; };
		CACA0E7125749BCB0008F7BE /* LPublicImageParameter copy-Info.plist */ = {isa = PBXFileReference; lastKnownFileType = text.plist.xml; name = "LPublicImageParameter copy-Info.plist"; path = "/Users/hy.ltd/Desktop/svn/LImagePicker/LPublicImageParameter copy-Info.plist"; sourceTree = "<absolute>"; };
		CACA0E8D25749DC20008F7BE /* LImagePickerNavigationController.swift */ = {isa = PBXFileReference; lastKnownFileType = sourcecode.swift; path = LImagePickerNavigationController.swift; sourceTree = "<group>"; };
		CACA0E9225749DF70008F7BE /* LImagePickerController.swift */ = {isa = PBXFileReference; lastKnownFileType = sourcecode.swift; path = LImagePickerController.swift; sourceTree = "<group>"; };
		CACA0E9725749E3D0008F7BE /* LPhotographController.swift */ = {isa = PBXFileReference; lastKnownFileType = sourcecode.swift; path = LPhotographController.swift; sourceTree = "<group>"; };
		CACA0E9C25749E7F0008F7BE /* LPhotographCollectionViewCell.swift */ = {isa = PBXFileReference; lastKnownFileType = sourcecode.swift; path = LPhotographCollectionViewCell.swift; sourceTree = "<group>"; };
		CACA0EA125749EBA0008F7BE /* LPhotographImageCell.swift */ = {isa = PBXFileReference; lastKnownFileType = sourcecode.swift; path = LPhotographImageCell.swift; sourceTree = "<group>"; };
		CACA0EA625749EC90008F7BE /* LPhotographVideoCell.swift */ = {isa = PBXFileReference; lastKnownFileType = sourcecode.swift; path = LPhotographVideoCell.swift; sourceTree = "<group>"; };
		CACA0EAB25749ED30008F7BE /* LPhotographGifCell.swift */ = {isa = PBXFileReference; lastKnownFileType = sourcecode.swift; path = LPhotographGifCell.swift; sourceTree = "<group>"; };
		CACA0EB025749EDE0008F7BE /* LPhotographLivePhotoCell.swift */ = {isa = PBXFileReference; lastKnownFileType = sourcecode.swift; path = LPhotographLivePhotoCell.swift; sourceTree = "<group>"; };
		CACA0EB525749EEC0008F7BE /* LPhotoAlbumController.swift */ = {isa = PBXFileReference; lastKnownFileType = sourcecode.swift; path = LPhotoAlbumController.swift; sourceTree = "<group>"; };
		CACA0EBA25749EFD0008F7BE /* LPhotoAlbumView.swift */ = {isa = PBXFileReference; lastKnownFileType = sourcecode.swift; path = LPhotoAlbumView.swift; sourceTree = "<group>"; };
		CACA0EBF25749F0B0008F7BE /* LPhotoAlbumTableViewCell.swift */ = {isa = PBXFileReference; lastKnownFileType = sourcecode.swift; path = LPhotoAlbumTableViewCell.swift; sourceTree = "<group>"; };
		CACA0EC425749F1D0008F7BE /* LPreviewImageController.swift */ = {isa = PBXFileReference; lastKnownFileType = sourcecode.swift; path = LPreviewImageController.swift; sourceTree = "<group>"; };
		CACA0EC925749F300008F7BE /* LPreviewCollectionViewCell.swift */ = {isa = PBXFileReference; lastKnownFileType = sourcecode.swift; path = LPreviewCollectionViewCell.swift; sourceTree = "<group>"; };
		CACA0ECE25749F3C0008F7BE /* LPreviewImageCell.swift */ = {isa = PBXFileReference; lastKnownFileType = sourcecode.swift; path = LPreviewImageCell.swift; sourceTree = "<group>"; };
		CACA0ED325749F470008F7BE /* LPreviewVideoCell.swift */ = {isa = PBXFileReference; lastKnownFileType = sourcecode.swift; path = LPreviewVideoCell.swift; sourceTree = "<group>"; };
		CACA0ED825749F4F0008F7BE /* LPreviewGifCell.swift */ = {isa = PBXFileReference; lastKnownFileType = sourcecode.swift; path = LPreviewGifCell.swift; sourceTree = "<group>"; };
		CACA0EDD25749F590008F7BE /* LPreviewLivePhoteCell.swift */ = {isa = PBXFileReference; lastKnownFileType = sourcecode.swift; path = LPreviewLivePhoteCell.swift; sourceTree = "<group>"; };
		CACA0EE225749F680008F7BE /* LPreviewVideoController.swift */ = {isa = PBXFileReference; lastKnownFileType = sourcecode.swift; path = LPreviewVideoController.swift; sourceTree = "<group>"; };
		CACA0EE725749F730008F7BE /* LImageCroppingView.swift */ = {isa = PBXFileReference; lastKnownFileType = sourcecode.swift; path = LImageCroppingView.swift; sourceTree = "<group>"; };
		CACA0EEC25749F840008F7BE /* LTakingPicturesController.swift */ = {isa = PBXFileReference; lastKnownFileType = sourcecode.swift; path = LTakingPicturesController.swift; sourceTree = "<group>"; };
		CACA0EF125749F8E0008F7BE /* LTakingPicturesView.swift */ = {isa = PBXFileReference; lastKnownFileType = sourcecode.swift; path = LTakingPicturesView.swift; sourceTree = "<group>"; };
		CACA0EF625749F9A0008F7BE /* LEditPicturesController.swift */ = {isa = PBXFileReference; lastKnownFileType = sourcecode.swift; path = LEditPicturesController.swift; sourceTree = "<group>"; };
		CACA0EFB25749FCD0008F7BE /* LPreviewAnimation.swift */ = {isa = PBXFileReference; lastKnownFileType = sourcecode.swift; path = LPreviewAnimation.swift; sourceTree = "<group>"; };
		CACA0F0025749FD40008F7BE /* LImagePcikerDefine.swift */ = {isa = PBXFileReference; lastKnownFileType = sourcecode.swift; path = LImagePcikerDefine.swift; sourceTree = "<group>"; };
		CACA0F0525749FDC0008F7BE /* String+LImagePicker.swift */ = {isa = PBXFileReference; lastKnownFileType = sourcecode.swift; path = "String+LImagePicker.swift"; sourceTree = "<group>"; };
		CACA0F0A25749FE30008F7BE /* UIColor+LImagePicker.swift */ = {isa = PBXFileReference; lastKnownFileType = sourcecode.swift; path = "UIColor+LImagePicker.swift"; sourceTree = "<group>"; };
		CACA0F0F25749FEC0008F7BE /* UIImage+LImagePicker.swift */ = {isa = PBXFileReference; lastKnownFileType = sourcecode.swift; path = "UIImage+LImagePicker.swift"; sourceTree = "<group>"; };
		CACA0F1425749FF30008F7BE /* LImagePicker+Extension.swift */ = {isa = PBXFileReference; lastKnownFileType = sourcecode.swift; path = "LImagePicker+Extension.swift"; sourceTree = "<group>"; };
		CACA0F1925749FF90008F7BE /* LImagePickerManager.swift */ = {isa = PBXFileReference; lastKnownFileType = sourcecode.swift; path = LImagePickerManager.swift; sourceTree = "<group>"; };
		CACA0F1E25749FFF0008F7BE /* LImagePickerOperation.swift */ = {isa = PBXFileReference; lastKnownFileType = sourcecode.swift; path = LImagePickerOperation.swift; sourceTree = "<group>"; };
		CACA0F232574A0060008F7BE /* LImagePickerConfiguration.swift */ = {isa = PBXFileReference; lastKnownFileType = sourcecode.swift; path = LImagePickerConfiguration.swift; sourceTree = "<group>"; };
		CACA0F282574A0170008F7BE /* LProgressBarView.swift */ = {isa = PBXFileReference; lastKnownFileType = sourcecode.swift; path = LProgressBarView.swift; sourceTree = "<group>"; };
		CACA0F2D2574A01D0008F7BE /* LPicturesSelectedView.swift */ = {isa = PBXFileReference; lastKnownFileType = sourcecode.swift; path = LPicturesSelectedView.swift; sourceTree = "<group>"; };
		CACA0F322574A0240008F7BE /* LImagePickerPromptView.swift */ = {isa = PBXFileReference; lastKnownFileType = sourcecode.swift; path = LImagePickerPromptView.swift; sourceTree = "<group>"; };
		CACA0F372574A02B0008F7BE /* LImagePickerNavView.swift */ = {isa = PBXFileReference; lastKnownFileType = sourcecode.swift; path = LImagePickerNavView.swift; sourceTree = "<group>"; };
		CACA0F3C2574A0320008F7BE /* LImageBottomView.swift */ = {isa = PBXFileReference; lastKnownFileType = sourcecode.swift; path = LImageBottomView.swift; sourceTree = "<group>"; };
		CACA0F412574A05E0008F7BE /* LImagePickerProtocol.swift */ = {isa = PBXFileReference; lastKnownFileType = sourcecode.swift; path = LImagePickerProtocol.swift; sourceTree = "<group>"; };
		CACA0F492574A0640008F7BE /* LImageNavProtocol.swift */ = {isa = PBXFileReference; lastKnownFileType = sourcecode.swift; path = LImageNavProtocol.swift; sourceTree = "<group>"; };
		CACA0F4E2574A0690008F7BE /* LImageBottomProtocl.swift */ = {isa = PBXFileReference; lastKnownFileType = sourcecode.swift; path = LImageBottomProtocl.swift; sourceTree = "<group>"; };
		CACA0F592574BF1B0008F7BE /* LImagePickerModel.swift */ = {isa = PBXFileReference; lastKnownFileType = sourcecode.swift; path = LImagePickerModel.swift; sourceTree = "<group>"; };
		CACA0FB0257624D30008F7BE /* LTakingPicturesProtocol.swift */ = {isa = PBXFileReference; lastKnownFileType = sourcecode.swift; path = LTakingPicturesProtocol.swift; sourceTree = "<group>"; };
		CACA0FB525762ECF0008F7BE /* LTakingPicturesOperationView.swift */ = {isa = PBXFileReference; lastKnownFileType = sourcecode.swift; path = LTakingPicturesOperationView.swift; sourceTree = "<group>"; };
		D529DBA0BCAD4D0586A5660B /* Pods-LImagePicker-LImagePickerTests.release.xcconfig */ = {isa = PBXFileReference; includeInIndex = 1; lastKnownFileType = text.xcconfig; name = "Pods-LImagePicker-LImagePickerTests.release.xcconfig"; path = "Target Support Files/Pods-LImagePicker-LImagePickerTests/Pods-LImagePicker-LImagePickerTests.release.xcconfig"; sourceTree = "<group>"; };
		E593C2F444C760FA6EE885A7 /* Pods-LImagePickerDemo-LImagePickerDemoUITests.release.xcconfig */ = {isa = PBXFileReference; includeInIndex = 1; lastKnownFileType = text.xcconfig; name = "Pods-LImagePickerDemo-LImagePickerDemoUITests.release.xcconfig"; path = "Target Support Files/Pods-LImagePickerDemo-LImagePickerDemoUITests/Pods-LImagePickerDemo-LImagePickerDemoUITests.release.xcconfig"; sourceTree = "<group>"; };
		F10A9830BBAA32545D82EB59 /* Pods-LImagePicker.release.xcconfig */ = {isa = PBXFileReference; includeInIndex = 1; lastKnownFileType = text.xcconfig; name = "Pods-LImagePicker.release.xcconfig"; path = "Target Support Files/Pods-LImagePicker/Pods-LImagePicker.release.xcconfig"; sourceTree = "<group>"; };
/* End PBXFileReference section */

/* Begin PBXFrameworksBuildPhase section */
		2AEE0D1B24626C87008D5179 /* Frameworks */ = {
			isa = PBXFrameworksBuildPhase;
			buildActionMask = 2147483647;
			files = (
				2AEE0D6024626D16008D5179 /* LImagePicker.framework in Frameworks */,
				1B9A39CAF97DD30A5B6666C5 /* Pods_LImagePickerDemo.framework in Frameworks */,
			);
			runOnlyForDeploymentPostprocessing = 0;
		};
		2AEE0D3424626C8B008D5179 /* Frameworks */ = {
			isa = PBXFrameworksBuildPhase;
			buildActionMask = 2147483647;
			files = (
				098E3A6AA59062F2C212B5F4 /* Pods_LImagePickerDemo_LImagePickerDemoUITests.framework in Frameworks */,
			);
			runOnlyForDeploymentPostprocessing = 0;
		};
		2AEE0D4824626D15008D5179 /* Frameworks */ = {
			isa = PBXFrameworksBuildPhase;
			buildActionMask = 2147483647;
			files = (
				4ACEB85AAA49E5A82D5EECBA /* Pods_LImagePicker.framework in Frameworks */,
			);
			runOnlyForDeploymentPostprocessing = 0;
		};
		2AEE0D5024626D16008D5179 /* Frameworks */ = {
			isa = PBXFrameworksBuildPhase;
			buildActionMask = 2147483647;
			files = (
				2AEE0D5424626D16008D5179 /* LImagePicker.framework in Frameworks */,
				D25CA19329EF42C15E2830EA /* Pods_LImagePicker_LImagePickerTests.framework in Frameworks */,
			);
			runOnlyForDeploymentPostprocessing = 0;
		};
/* End PBXFrameworksBuildPhase section */

/* Begin PBXGroup section */
		23192FF879ABADA43BE2E2F6 /* Pods */ = {
			isa = PBXGroup;
			children = (
				2767F6AC369B16CC23B3C0A2 /* Pods-LImagePicker.debug.xcconfig */,
				F10A9830BBAA32545D82EB59 /* Pods-LImagePicker.release.xcconfig */,
				9EE72F3B60D8ABA4C27E033F /* Pods-LImagePicker-LImagePickerTests.debug.xcconfig */,
				D529DBA0BCAD4D0586A5660B /* Pods-LImagePicker-LImagePickerTests.release.xcconfig */,
				426DB4729096E875B83AE9E9 /* Pods-LImagePickerDemo.debug.xcconfig */,
				BE1A9ECADFED227E90A273D9 /* Pods-LImagePickerDemo.release.xcconfig */,
				685A9A7BD1E23A0EE9191ED9 /* Pods-LImagePickerDemo-LImagePickerDemoUITests.debug.xcconfig */,
				E593C2F444C760FA6EE885A7 /* Pods-LImagePickerDemo-LImagePickerDemoUITests.release.xcconfig */,
			);
			path = Pods;
			sourceTree = "<group>";
		};
		2A271AFB24B36C99009239EA /* View */ = {
			isa = PBXGroup;
			children = (
				2A271AFC24B36CC2009239EA /* LImageCameraView.swift */,
				2A271AFE24B4224E009239EA /* LImageCameraOperationView.swift */,
				2A271B0024B4B1C9009239EA /* LImageCameraTabBarView.swift */,
				2A271B0224B4C7E7009239EA /* LImageCameraPlayerView.swift */,
			);
			path = View;
			sourceTree = "<group>";
		};
		2A2AECBD24E170EC00DF26EA /* SplitScreen9 */ = {
			isa = PBXGroup;
			children = (
				2A2AECBE24E1712700DF26EA /* SplitScreen9.fsh */,
				2A2AECC024E1713900DF26EA /* SplitScreen9.vsh */,
			);
			path = SplitScreen9;
			sourceTree = "<group>";
		};
		2A2AECC224E1760300DF26EA /* UpsideDown */ = {
			isa = PBXGroup;
			children = (
				2A2AECC624E1766500DF26EA /* UpsideDown.fsh */,
				2A2AECC824E1766D00DF26EA /* UpsideDown.vsh */,
			);
			path = UpsideDown;
			sourceTree = "<group>";
		};
		2A2AECC324E1760500DF26EA /* Mosaic1 */ = {
			isa = PBXGroup;
			children = (
				2A2AECCA24E1767C00DF26EA /* Mosaic1.fsh */,
				2A2AECCC24E1768400DF26EA /* Mosaic1.vsh */,
			);
			path = Mosaic1;
			sourceTree = "<group>";
		};
		2A2AECC424E1760800DF26EA /* Mosaic2 */ = {
			isa = PBXGroup;
			children = (
				2A2AECCE24E1768E00DF26EA /* Mosaic2.fsh */,
				2A2AECD024E1769500DF26EA /* Mosaic2.vsh */,
			);
			path = Mosaic2;
			sourceTree = "<group>";
		};
		2A2AECC524E1760900DF26EA /* Mosaic3 */ = {
			isa = PBXGroup;
			children = (
				2A2AECD224E176A000DF26EA /* Mosaic3.fsh */,
				2A2AECD424E176A600DF26EA /* Mosaic3.vsh */,
			);
			path = Mosaic3;
			sourceTree = "<group>";
		};
		2A2AECD624E4120D00DF26EA /* Zoom */ = {
			isa = PBXGroup;
			children = (
				2A2AECDA24E4127F00DF26EA /* Zoom.fsh */,
				2A2AECDC24E4128B00DF26EA /* Zoom.vsh */,
			);
			path = Zoom;
			sourceTree = "<group>";
		};
		2A2AECD724E4121800DF26EA /* Outside */ = {
			isa = PBXGroup;
			children = (
				2A2AECDE24E412AB00DF26EA /* Outside.fsh */,
				2A2AECE024E412B600DF26EA /* Outside.vsh */,
			);
			path = Outside;
			sourceTree = "<group>";
		};
		2A2AECD824E4122F00DF26EA /* Jitter */ = {
			isa = PBXGroup;
			children = (
				2A2AECE224E41E6F00DF26EA /* Jitter.fsh */,
				2A2AECE424E41E7700DF26EA /* Jitter.vsh */,
			);
			path = Jitter;
			sourceTree = "<group>";
		};
		2A2AECD924E4125600DF26EA /* FlashWhite */ = {
			isa = PBXGroup;
			children = (
				2A2AECE624E41E8500DF26EA /* FlashWhite.fsh */,
				2A2AECE824E41E8D00DF26EA /* FlashWhite.vsh */,
			);
			path = FlashWhite;
			sourceTree = "<group>";
		};
		2A2AECEA24E41EBF00DF26EA /* Illusion */ = {
			isa = PBXGroup;
			children = (
				2A2AECEB24E41ECC00DF26EA /* Illusion.fsh */,
				2A2AECED24E41ED600DF26EA /* Illusion.vsh */,
			);
			path = Illusion;
			sourceTree = "<group>";
		};
		2A2AECEF24E4290500DF26EA /* Burr */ = {
			isa = PBXGroup;
			children = (
				2A2AECF024E4291500DF26EA /* Burr.fsh */,
				2A2AECF224E4291D00DF26EA /* Burr.vsh */,
			);
			path = Burr;
			sourceTree = "<group>";
		};
		2A2AED8A24F7869B00DF26EA /* Model */ = {
			isa = PBXGroup;
			children = (
			);
			path = Model;
			sourceTree = "<group>";
		};
		2A2AED9424F89A3400DF26EA /* LImagePickerController */ = {
			isa = PBXGroup;
			children = (
				2A2AEDB224F89B8500DF26EA /* LImagePickerController.swift */,
				2A2AEDB424F8A3D600DF26EA /* LImagePickerManager.swift */,
				2A2AEDB824F8AD0700DF26EA /* LImagePickerPromptView.swift */,
				2A2AEDBA24F8B08700DF26EA /* LImagePickerViewExtensions.swift */,
				2A2AEDC024F8D9F300DF26EA /* LImagePickerAboutExtensions.swift */,
				2A2AEDC424F8E21000DF26EA /* LImagePickerColorExtensions.swift */,
				2A2AEDBC24F8D8AD00DF26EA /* LImagePickerAboutApp.swift */,
				2AAF62D124FA2B5600761046 /* LImagePickerConfiguration.swift */,
				2AAF62E324FFDB0D00761046 /* LImagePickerNavView.swift */,
				2A47713925060F7100F9B839 /* LImagePickerBottomView.swift */,
				2A2AEDB624F8AB8200DF26EA /* LPhotoPickerController.swift */,
				2AAF62D524FCA5AD00761046 /* LPhotoPickerViewCell.swift */,
				2A2AEDC224F8DFD700DF26EA /* LAlbumPickerController.swift */,
				2AAF62E124FF527B00761046 /* LAlbumPickerCell.swift */,
				2A2AEDC624F8E52500DF26EA /* LImageShowViewController.swift */,
				2A2AEDCC24F8F23400DF26EA /* LImageShowCollectionViewCell.swift */,
				2A2AEDCA24F8E9E300DF26EA /* LCameraPickerViewController.swift */,
				2AAF62D324FA329200761046 /* LCameraPickerView.swift */,
				2A2AEDC824F8E66800DF26EA /* LImageShow.swift */,
				2AAF632F2504EF5B00761046 /* LProgressView.swift */,
				2A2AED9524F89A3400DF26EA /* LImagePickerController.h */,
				2A2AED9624F89A3400DF26EA /* Info.plist */,
				2A2AEDBE24F8D97A00DF26EA /* LImagePickerController.bundle */,
			);
			path = LImagePickerController;
			sourceTree = "<group>";
		};
		2A2AEDA124F89A3400DF26EA /* LImagePickerControllerTests */ = {
			isa = PBXGroup;
			children = (
				2A2AEDA224F89A3400DF26EA /* LImagePickerControllerTests.swift */,
				2A2AEDA424F89A3400DF26EA /* Info.plist */,
			);
			path = LImagePickerControllerTests;
			sourceTree = "<group>";
		};
		2A6A7E8424DFF566008709E3 /* Filter */ = {
			isa = PBXGroup;
			children = (
				2A2AECEF24E4290500DF26EA /* Burr */,
				2A2AECEA24E41EBF00DF26EA /* Illusion */,
				2A2AECD924E4125600DF26EA /* FlashWhite */,
				2A2AECD824E4122F00DF26EA /* Jitter */,
				2A2AECD724E4121800DF26EA /* Outside */,
				2A2AECD624E4120D00DF26EA /* Zoom */,
				2A2AECC524E1760900DF26EA /* Mosaic3 */,
				2A2AECC424E1760800DF26EA /* Mosaic2 */,
				2A2AECC324E1760500DF26EA /* Mosaic1 */,
				2A2AECC224E1760300DF26EA /* UpsideDown */,
				2A2AECBD24E170EC00DF26EA /* SplitScreen9 */,
				2A6A7E8B24E001B9008709E3 /* SplitScreen2 */,
				2A6A7E7B24DFC315008709E3 /* FilterView.h */,
				2A6A7E7C24DFC315008709E3 /* FilterView.m */,
				2A6A7E8524DFF579008709E3 /* Normal */,
				2A6A7E8624DFF5F1008709E3 /* Gray */,
			);
			path = Filter;
			sourceTree = "<group>";
		};
		2A6A7E8524DFF579008709E3 /* Normal */ = {
			isa = PBXGroup;
			children = (
				2A6A7DE624DC11B3008709E3 /* Normal.fsh */,
				2A6A7DE524DC11B3008709E3 /* Normal.vsh */,
			);
			path = Normal;
			sourceTree = "<group>";
		};
		2A6A7E8624DFF5F1008709E3 /* Gray */ = {
			isa = PBXGroup;
			children = (
				2A6A7E8724DFF6C3008709E3 /* Gray.fsh */,
				2A6A7E8924DFF6D2008709E3 /* Gray.vsh */,
			);
			path = Gray;
			sourceTree = "<group>";
		};
		2A6A7E8B24E001B9008709E3 /* SplitScreen2 */ = {
			isa = PBXGroup;
			children = (
				2A6A7E8C24E00222008709E3 /* SplitScreen2.fsh */,
				2A6A7E8E24E0022E008709E3 /* SplitScreen2.vsh */,
			);
			path = SplitScreen2;
			sourceTree = "<group>";
		};
		2A75811D24A1054600592990 /* View */ = {
			isa = PBXGroup;
			children = (
				2AEEEDFC249C96630009AAE1 /* LShowImageNavView.swift */,
				2AEEEDFE249CE1D80009AAE1 /* LShowImageTabBarView.swift */,
				2AEEEE00249CE2650009AAE1 /* LShowImageCollectionViewCell.swift */,
				2A75812124A106E000592990 /* LEditPickerNavView.swift */,
				2A6A7E9024E00776008709E3 /* LShowImageFilterBar.swift */,
				2A6A7E9224E00785008709E3 /* LShowImageFilterCell.swift */,
			);
			path = View;
			sourceTree = "<group>";
		};
		2A75811E24A1056900592990 /* Const */ = {
			isa = PBXGroup;
			children = (
				2AEEEDF4249C92E20009AAE1 /* LImageShow.swift */,
				2AEEEDFA249C95CC0009AAE1 /* LShowImageVCDelegate.swift */,
				2AEEEDF6249C940C0009AAE1 /* LShowImageConfiguration.swift */,
				2AEEEE02249CE6110009AAE1 /* LGifImage.swift */,
			);
			path = Const;
			sourceTree = "<group>";
		};
		2AEE0D1524626C87008D5179 = {
			isa = PBXGroup;
			children = (
				2AEE0D2024626C87008D5179 /* LImagePickerDemo */,
				2AEE0D3A24626C8B008D5179 /* LImagePickerDemoUITests */,
				2AEE0D4C24626D15008D5179 /* LImagePicker */,
				2AEE0D5924626D16008D5179 /* LImagePickerTests */,
				2AEEED7D249BAF850009AAE1 /* LPublicImageParameter */,
				2AEEED8A249BAF850009AAE1 /* LPublicImageParameterTests */,
				2AEEEDB6249C91E60009AAE1 /* LImageCamera */,
				2AEEEDC3249C91E60009AAE1 /* LImageCameraTests */,
				2AEEEDD8249C92160009AAE1 /* LImageShow */,
				2AEEEDE5249C92160009AAE1 /* LImageShowTests */,
				2A2AED9424F89A3400DF26EA /* LImagePickerController */,
				2A2AEDA124F89A3400DF26EA /* LImagePickerControllerTests */,
				2AEE0D1F24626C87008D5179 /* Products */,
				23192FF879ABADA43BE2E2F6 /* Pods */,
				5C038BAF68630AD9CE8F1587 /* Frameworks */,
				CACA0E7125749BCB0008F7BE /* LPublicImageParameter copy-Info.plist */,
			);
			sourceTree = "<group>";
		};
		2AEE0D1F24626C87008D5179 /* Products */ = {
			isa = PBXGroup;
			children = (
				2AEE0D1E24626C87008D5179 /* LImagePickerDemo.app */,
				2AEE0D3724626C8B008D5179 /* LImagePickerDemoUITests.xctest */,
				2AEE0D4B24626D15008D5179 /* LImagePicker.framework */,
				2AEE0D5324626D16008D5179 /* LImagePickerTests.xctest */,
			);
			name = Products;
			sourceTree = "<group>";
		};
		2AEE0D2024626C87008D5179 /* LImagePickerDemo */ = {
			isa = PBXGroup;
			children = (
				2AEE0D2124626C87008D5179 /* AppDelegate.swift */,
				2AEE0D2324626C87008D5179 /* SceneDelegate.swift */,
				2AEE0D2524626C87008D5179 /* ViewController.swift */,
				2A4771592508631B00F9B839 /* LShowImageFilterBar.swift */,
				2A4771582508631B00F9B839 /* LShowImageFilterCell.swift */,
				2AEE0D2724626C87008D5179 /* Main.storyboard */,
				2AEE0D2D24626C8B008D5179 /* Assets.xcassets */,
				2AEE0D2F24626C8B008D5179 /* LaunchScreen.storyboard */,
				2A477156250862D300F9B839 /* Filter */,
				2AEE0D3224626C8B008D5179 /* Info.plist */,
				2AEE0D2A24626C87008D5179 /* LImagePickerDemo.xcdatamodeld */,
				2A47714E2508626000F9B839 /* TestViewController.swift */,
				2A477150250862AE00F9B839 /* LEditPickerNavView.swift */,
				2A477153250862C700F9B839 /* 111ViewController.h */,
				2A477154250862C700F9B839 /* 111ViewController.m */,
				2A477152250862C700F9B839 /* LImagePickerDemo-Bridging-Header.h */,
				CA9367C625121EDE00324C50 /* ModelTable.swift */,
			);
			path = LImagePickerDemo;
			sourceTree = "<group>";
		};
		2AEE0D3A24626C8B008D5179 /* LImagePickerDemoUITests */ = {
			isa = PBXGroup;
			children = (
				2AEE0D3B24626C8B008D5179 /* LImagePickerDemoUITests.swift */,
				2AEE0D3D24626C8B008D5179 /* Info.plist */,
			);
			path = LImagePickerDemoUITests;
			sourceTree = "<group>";
		};
		2AEE0D4C24626D15008D5179 /* LImagePicker */ = {
			isa = PBXGroup;
			children = (
				2AEE0D4E24626D15008D5179 /* Info.plist */,
				CACA0EF625749F9A0008F7BE /* LEditPicturesController.swift */,
				CACA0F4E2574A0690008F7BE /* LImageBottomProtocl.swift */,
				CACA0F3C2574A0320008F7BE /* LImageBottomView.swift */,
				CACA0EE725749F730008F7BE /* LImageCroppingView.swift */,
				CACA0F492574A0640008F7BE /* LImageNavProtocol.swift */,
				CACA0F0025749FD40008F7BE /* LImagePcikerDefine.swift */,
				2AEE0D8924626E57008D5179 /* LImagePicker.bundle */,
				2AEE0D4D24626D15008D5179 /* LImagePicker.h */,
				CACA0F1425749FF30008F7BE /* LImagePicker+Extension.swift */,
				CACA0F232574A0060008F7BE /* LImagePickerConfiguration.swift */,
				CACA0E9225749DF70008F7BE /* LImagePickerController.swift */,
				CACA0F1925749FF90008F7BE /* LImagePickerManager.swift */,
				CACA0F592574BF1B0008F7BE /* LImagePickerModel.swift */,
				CACA0E8D25749DC20008F7BE /* LImagePickerNavigationController.swift */,
				CACA0F372574A02B0008F7BE /* LImagePickerNavView.swift */,
				CACA0F1E25749FFF0008F7BE /* LImagePickerOperation.swift */,
				CACA0F322574A0240008F7BE /* LImagePickerPromptView.swift */,
				CACA0F412574A05E0008F7BE /* LImagePickerProtocol.swift */,
				CACA0EB525749EEC0008F7BE /* LPhotoAlbumController.swift */,
				CACA0EBF25749F0B0008F7BE /* LPhotoAlbumTableViewCell.swift */,
				CACA0EBA25749EFD0008F7BE /* LPhotoAlbumView.swift */,
				CACA0E9C25749E7F0008F7BE /* LPhotographCollectionViewCell.swift */,
				CACA0E9725749E3D0008F7BE /* LPhotographController.swift */,
				CACA0EAB25749ED30008F7BE /* LPhotographGifCell.swift */,
				CACA0EA125749EBA0008F7BE /* LPhotographImageCell.swift */,
				CACA0EB025749EDE0008F7BE /* LPhotographLivePhotoCell.swift */,
				CACA0EA625749EC90008F7BE /* LPhotographVideoCell.swift */,
				CACA0F2D2574A01D0008F7BE /* LPicturesSelectedView.swift */,
				CACA0EFB25749FCD0008F7BE /* LPreviewAnimation.swift */,
				CACA0EC925749F300008F7BE /* LPreviewCollectionViewCell.swift */,
				CACA0ED825749F4F0008F7BE /* LPreviewGifCell.swift */,
				CACA0ECE25749F3C0008F7BE /* LPreviewImageCell.swift */,
				CACA0EC425749F1D0008F7BE /* LPreviewImageController.swift */,
				CACA0EDD25749F590008F7BE /* LPreviewLivePhoteCell.swift */,
				CACA0ED325749F470008F7BE /* LPreviewVideoCell.swift */,
				CACA0EE225749F680008F7BE /* LPreviewVideoController.swift */,
				CACA0F282574A0170008F7BE /* LProgressBarView.swift */,
				CACA0EEC25749F840008F7BE /* LTakingPicturesController.swift */,
				CACA0FB525762ECF0008F7BE /* LTakingPicturesOperationView.swift */,
				CACA0FB0257624D30008F7BE /* LTakingPicturesProtocol.swift */,
				CACA0EF125749F8E0008F7BE /* LTakingPicturesView.swift */,
				CACA0F0525749FDC0008F7BE /* String+LImagePicker.swift */,
				CACA0F0A25749FE30008F7BE /* UIColor+LImagePicker.swift */,
				CACA0F0F25749FEC0008F7BE /* UIImage+LImagePicker.swift */,
			);
			path = LImagePicker;
			sourceTree = "<group>";
		};
		2AEE0D5924626D16008D5179 /* LImagePickerTests */ = {
			isa = PBXGroup;
			children = (
				2AEE0D5A24626D16008D5179 /* LImagePickerTests.swift */,
				2AEE0D5C24626D16008D5179 /* Info.plist */,
			);
			path = LImagePickerTests;
			sourceTree = "<group>";
		};
		2AEEED7D249BAF850009AAE1 /* LPublicImageParameter */ = {
			isa = PBXGroup;
			children = (
				2AEEED7E249BAF850009AAE1 /* LPublicImageParameter.h */,
				2AEEED7F249BAF850009AAE1 /* Info.plist */,
				2AEEED99249BAFE40009AAE1 /* LAlbumPickerModel.swift */,
				2AEEED9B249BB32A0009AAE1 /* LAboutApp.swift */,
				2A3E1E5424A1F0C900D14A6A /* LPromptView.swift */,
				2A3E1E5624A1FBF100D14A6A /* LPublicImageParameter.bundle */,
			);
			path = LPublicImageParameter;
			sourceTree = "<group>";
		};
		2AEEED8A249BAF850009AAE1 /* LPublicImageParameterTests */ = {
			isa = PBXGroup;
			children = (
				2AEEED8B249BAF850009AAE1 /* LPublicImageParameterTests.swift */,
				2AEEED8D249BAF850009AAE1 /* Info.plist */,
			);
			path = LPublicImageParameterTests;
			sourceTree = "<group>";
		};
		2AEEEDB6249C91E60009AAE1 /* LImageCamera */ = {
			isa = PBXGroup;
			children = (
				2A2AED8A24F7869B00DF26EA /* Model */,
				2A271AFB24B36C99009239EA /* View */,
				2AEEEDB7249C91E60009AAE1 /* LImageCamera.h */,
				2AEEEDB8249C91E60009AAE1 /* Info.plist */,
				2A271AF924B33BAC009239EA /* LImageCameraViewController.swift */,
			);
			path = LImageCamera;
			sourceTree = "<group>";
		};
		2AEEEDC3249C91E60009AAE1 /* LImageCameraTests */ = {
			isa = PBXGroup;
			children = (
				2AEEEDC4249C91E60009AAE1 /* LImageCameraTests.swift */,
				2AEEEDC6249C91E60009AAE1 /* Info.plist */,
			);
			path = LImageCameraTests;
			sourceTree = "<group>";
		};
		2AEEEDD8249C92160009AAE1 /* LImageShow */ = {
			isa = PBXGroup;
			children = (
				2A6A7E8424DFF566008709E3 /* Filter */,
				2A75811E24A1056900592990 /* Const */,
				2A75811D24A1054600592990 /* View */,
				2AEEEDD9249C92160009AAE1 /* LImageShow.h */,
				2AEEEDDA249C92160009AAE1 /* Info.plist */,
				2AEEEDF8249C958F0009AAE1 /* LShowImageViewController.swift */,
				2A75811F24A105CC00592990 /* LShowVideoPlayViewController.swift */,
				2A75812324A1071C00592990 /* LEditPhotosViewController.swift */,
			);
			path = LImageShow;
			sourceTree = "<group>";
		};
		2AEEEDE5249C92160009AAE1 /* LImageShowTests */ = {
			isa = PBXGroup;
			children = (
				2AEEEDE6249C92160009AAE1 /* LImageShowTests.swift */,
				2AEEEDE8249C92160009AAE1 /* Info.plist */,
			);
			path = LImageShowTests;
			sourceTree = "<group>";
		};
		5C038BAF68630AD9CE8F1587 /* Frameworks */ = {
			isa = PBXGroup;
			children = (
				6DC2D23AF78BF62EC9A0FA0B /* Pods_LImagePicker.framework */,
				7597E7FDDDF881C524BF756F /* Pods_LImagePicker_LImagePickerTests.framework */,
				466BAFAAC5953C18583F1A65 /* Pods_LImagePickerDemo.framework */,
				B488418D5BFCCEC424D6A28C /* Pods_LImagePickerDemo_LImagePickerDemoUITests.framework */,
			);
			name = Frameworks;
			sourceTree = "<group>";
		};
/* End PBXGroup section */

/* Begin PBXHeadersBuildPhase section */
		2AEE0D4624626D15008D5179 /* Headers */ = {
			isa = PBXHeadersBuildPhase;
			buildActionMask = 2147483647;
			files = (
				2AEE0D5D24626D16008D5179 /* LImagePicker.h in Headers */,
			);
			runOnlyForDeploymentPostprocessing = 0;
		};
/* End PBXHeadersBuildPhase section */

/* Begin PBXNativeTarget section */
		2AEE0D1D24626C87008D5179 /* LImagePickerDemo */ = {
			isa = PBXNativeTarget;
			buildConfigurationList = 2AEE0D4024626C8B008D5179 /* Build configuration list for PBXNativeTarget "LImagePickerDemo" */;
			buildPhases = (
				BA64984EF3F3B28A85B53F93 /* [CP] Check Pods Manifest.lock */,
				2AEE0D1A24626C87008D5179 /* Sources */,
				2AEE0D1B24626C87008D5179 /* Frameworks */,
				2AEE0D1C24626C87008D5179 /* Resources */,
				2AEE0D6524626D16008D5179 /* Embed Frameworks */,
				B48BF75D80DB0193CEEA762B /* [CP] Embed Pods Frameworks */,
			);
			buildRules = (
			);
			dependencies = (
				2AEE0D5F24626D16008D5179 /* PBXTargetDependency */,
			);
			name = LImagePickerDemo;
			productName = LImagePickerDemo;
			productReference = 2AEE0D1E24626C87008D5179 /* LImagePickerDemo.app */;
			productType = "com.apple.product-type.application";
		};
		2AEE0D3624626C8B008D5179 /* LImagePickerDemoUITests */ = {
			isa = PBXNativeTarget;
			buildConfigurationList = 2AEE0D4324626C8B008D5179 /* Build configuration list for PBXNativeTarget "LImagePickerDemoUITests" */;
			buildPhases = (
				29B983D1641CD58C7CDF411C /* [CP] Check Pods Manifest.lock */,
				2AEE0D3324626C8B008D5179 /* Sources */,
				2AEE0D3424626C8B008D5179 /* Frameworks */,
				2AEE0D3524626C8B008D5179 /* Resources */,
				BBA4FF7BF72C93FE5255A80B /* [CP] Embed Pods Frameworks */,
			);
			buildRules = (
			);
			dependencies = (
				2AEE0D3924626C8B008D5179 /* PBXTargetDependency */,
			);
			name = LImagePickerDemoUITests;
			productName = LImagePickerDemoUITests;
			productReference = 2AEE0D3724626C8B008D5179 /* LImagePickerDemoUITests.xctest */;
			productType = "com.apple.product-type.bundle.ui-testing";
		};
		2AEE0D4A24626D15008D5179 /* LImagePicker */ = {
			isa = PBXNativeTarget;
			buildConfigurationList = 2AEE0D6224626D16008D5179 /* Build configuration list for PBXNativeTarget "LImagePicker" */;
			buildPhases = (
				8B170CD3D5D661E146750659 /* [CP] Check Pods Manifest.lock */,
				2AEE0D4624626D15008D5179 /* Headers */,
				2AEE0D4724626D15008D5179 /* Sources */,
				2AEE0D4824626D15008D5179 /* Frameworks */,
				2AEE0D4924626D15008D5179 /* Resources */,
			);
			buildRules = (
			);
			dependencies = (
			);
			name = LImagePicker;
			productName = LImagePicker;
			productReference = 2AEE0D4B24626D15008D5179 /* LImagePicker.framework */;
			productType = "com.apple.product-type.framework";
		};
		2AEE0D5224626D16008D5179 /* LImagePickerTests */ = {
			isa = PBXNativeTarget;
			buildConfigurationList = 2AEE0D6624626D16008D5179 /* Build configuration list for PBXNativeTarget "LImagePickerTests" */;
			buildPhases = (
				54A97D00C61D0D369C4558E5 /* [CP] Check Pods Manifest.lock */,
				2AEE0D4F24626D16008D5179 /* Sources */,
				2AEE0D5024626D16008D5179 /* Frameworks */,
				2AEE0D5124626D16008D5179 /* Resources */,
				FDDA0536A0A55C245950D3C8 /* [CP] Embed Pods Frameworks */,
			);
			buildRules = (
			);
			dependencies = (
				2AEE0D5624626D16008D5179 /* PBXTargetDependency */,
				2AEE0D5824626D16008D5179 /* PBXTargetDependency */,
			);
			name = LImagePickerTests;
			productName = LImagePickerTests;
			productReference = 2AEE0D5324626D16008D5179 /* LImagePickerTests.xctest */;
			productType = "com.apple.product-type.bundle.unit-test";
		};
/* End PBXNativeTarget section */

/* Begin PBXProject section */
		2AEE0D1624626C87008D5179 /* Project object */ = {
			isa = PBXProject;
			attributes = {
				LastSwiftUpdateCheck = 1160;
				LastUpgradeCheck = 1140;
				ORGANIZATIONNAME = L;
				TargetAttributes = {
					2AEE0D1D24626C87008D5179 = {
						CreatedOnToolsVersion = 11.4.1;
						LastSwiftMigration = 1160;
					};
					2AEE0D3624626C8B008D5179 = {
						CreatedOnToolsVersion = 11.4.1;
						TestTargetID = 2AEE0D1D24626C87008D5179;
					};
					2AEE0D4A24626D15008D5179 = {
						CreatedOnToolsVersion = 11.4.1;
						LastSwiftMigration = 1220;
					};
					2AEE0D5224626D16008D5179 = {
						CreatedOnToolsVersion = 11.4.1;
						TestTargetID = 2AEE0D1D24626C87008D5179;
					};
				};
			};
			buildConfigurationList = 2AEE0D1924626C87008D5179 /* Build configuration list for PBXProject "LImagePickerDemo" */;
			compatibilityVersion = "Xcode 9.3";
			developmentRegion = en;
			hasScannedForEncodings = 0;
			knownRegions = (
				en,
				Base,
				"zh-Hans",
			);
			mainGroup = 2AEE0D1524626C87008D5179;
			productRefGroup = 2AEE0D1F24626C87008D5179 /* Products */;
			projectDirPath = "";
			projectRoot = "";
			targets = (
				2AEE0D1D24626C87008D5179 /* LImagePickerDemo */,
				2AEE0D3624626C8B008D5179 /* LImagePickerDemoUITests */,
				2AEE0D4A24626D15008D5179 /* LImagePicker */,
				2AEE0D5224626D16008D5179 /* LImagePickerTests */,
			);
		};
/* End PBXProject section */

/* Begin PBXResourcesBuildPhase section */
		2AEE0D1C24626C87008D5179 /* Resources */ = {
			isa = PBXResourcesBuildPhase;
			buildActionMask = 2147483647;
			files = (
				2A477157250862D300F9B839 /* Filter in Resources */,
				2AEE0D3124626C8B008D5179 /* LaunchScreen.storyboard in Resources */,
				2AEE0D2E24626C8B008D5179 /* Assets.xcassets in Resources */,
				2AEE0D2924626C87008D5179 /* Main.storyboard in Resources */,
			);
			runOnlyForDeploymentPostprocessing = 0;
		};
		2AEE0D3524626C8B008D5179 /* Resources */ = {
			isa = PBXResourcesBuildPhase;
			buildActionMask = 2147483647;
			files = (
			);
			runOnlyForDeploymentPostprocessing = 0;
		};
		2AEE0D4924626D15008D5179 /* Resources */ = {
			isa = PBXResourcesBuildPhase;
			buildActionMask = 2147483647;
			files = (
				2AEE0D8E24626E57008D5179 /* LImagePicker.bundle in Resources */,
			);
			runOnlyForDeploymentPostprocessing = 0;
		};
		2AEE0D5124626D16008D5179 /* Resources */ = {
			isa = PBXResourcesBuildPhase;
			buildActionMask = 2147483647;
			files = (
			);
			runOnlyForDeploymentPostprocessing = 0;
		};
/* End PBXResourcesBuildPhase section */

/* Begin PBXShellScriptBuildPhase section */
		29B983D1641CD58C7CDF411C /* [CP] Check Pods Manifest.lock */ = {
			isa = PBXShellScriptBuildPhase;
			buildActionMask = 2147483647;
			files = (
			);
			inputFileListPaths = (
			);
			inputPaths = (
				"${PODS_PODFILE_DIR_PATH}/Podfile.lock",
				"${PODS_ROOT}/Manifest.lock",
			);
			name = "[CP] Check Pods Manifest.lock";
			outputFileListPaths = (
			);
			outputPaths = (
				"$(DERIVED_FILE_DIR)/Pods-LImagePickerDemo-LImagePickerDemoUITests-checkManifestLockResult.txt",
			);
			runOnlyForDeploymentPostprocessing = 0;
			shellPath = /bin/sh;
			shellScript = "diff \"${PODS_PODFILE_DIR_PATH}/Podfile.lock\" \"${PODS_ROOT}/Manifest.lock\" > /dev/null\nif [ $? != 0 ] ; then\n    # print error to STDERR\n    echo \"error: The sandbox is not in sync with the Podfile.lock. Run 'pod install' or update your CocoaPods installation.\" >&2\n    exit 1\nfi\n# This output is used by Xcode 'outputs' to avoid re-running this script phase.\necho \"SUCCESS\" > \"${SCRIPT_OUTPUT_FILE_0}\"\n";
			showEnvVarsInLog = 0;
		};
		54A97D00C61D0D369C4558E5 /* [CP] Check Pods Manifest.lock */ = {
			isa = PBXShellScriptBuildPhase;
			buildActionMask = 2147483647;
			files = (
			);
			inputFileListPaths = (
			);
			inputPaths = (
				"${PODS_PODFILE_DIR_PATH}/Podfile.lock",
				"${PODS_ROOT}/Manifest.lock",
			);
			name = "[CP] Check Pods Manifest.lock";
			outputFileListPaths = (
			);
			outputPaths = (
				"$(DERIVED_FILE_DIR)/Pods-LImagePicker-LImagePickerTests-checkManifestLockResult.txt",
			);
			runOnlyForDeploymentPostprocessing = 0;
			shellPath = /bin/sh;
			shellScript = "diff \"${PODS_PODFILE_DIR_PATH}/Podfile.lock\" \"${PODS_ROOT}/Manifest.lock\" > /dev/null\nif [ $? != 0 ] ; then\n    # print error to STDERR\n    echo \"error: The sandbox is not in sync with the Podfile.lock. Run 'pod install' or update your CocoaPods installation.\" >&2\n    exit 1\nfi\n# This output is used by Xcode 'outputs' to avoid re-running this script phase.\necho \"SUCCESS\" > \"${SCRIPT_OUTPUT_FILE_0}\"\n";
			showEnvVarsInLog = 0;
		};
		8B170CD3D5D661E146750659 /* [CP] Check Pods Manifest.lock */ = {
			isa = PBXShellScriptBuildPhase;
			buildActionMask = 2147483647;
			files = (
			);
			inputFileListPaths = (
			);
			inputPaths = (
				"${PODS_PODFILE_DIR_PATH}/Podfile.lock",
				"${PODS_ROOT}/Manifest.lock",
			);
			name = "[CP] Check Pods Manifest.lock";
			outputFileListPaths = (
			);
			outputPaths = (
				"$(DERIVED_FILE_DIR)/Pods-LImagePicker-checkManifestLockResult.txt",
			);
			runOnlyForDeploymentPostprocessing = 0;
			shellPath = /bin/sh;
			shellScript = "diff \"${PODS_PODFILE_DIR_PATH}/Podfile.lock\" \"${PODS_ROOT}/Manifest.lock\" > /dev/null\nif [ $? != 0 ] ; then\n    # print error to STDERR\n    echo \"error: The sandbox is not in sync with the Podfile.lock. Run 'pod install' or update your CocoaPods installation.\" >&2\n    exit 1\nfi\n# This output is used by Xcode 'outputs' to avoid re-running this script phase.\necho \"SUCCESS\" > \"${SCRIPT_OUTPUT_FILE_0}\"\n";
			showEnvVarsInLog = 0;
		};
		B48BF75D80DB0193CEEA762B /* [CP] Embed Pods Frameworks */ = {
			isa = PBXShellScriptBuildPhase;
			buildActionMask = 2147483647;
			files = (
			);
			inputFileListPaths = (
				"${PODS_ROOT}/Target Support Files/Pods-LImagePickerDemo/Pods-LImagePickerDemo-frameworks-${CONFIGURATION}-input-files.xcfilelist",
			);
			name = "[CP] Embed Pods Frameworks";
			outputFileListPaths = (
				"${PODS_ROOT}/Target Support Files/Pods-LImagePickerDemo/Pods-LImagePickerDemo-frameworks-${CONFIGURATION}-output-files.xcfilelist",
			);
			runOnlyForDeploymentPostprocessing = 0;
			shellPath = /bin/sh;
			shellScript = "\"${PODS_ROOT}/Target Support Files/Pods-LImagePickerDemo/Pods-LImagePickerDemo-frameworks.sh\"\n";
			showEnvVarsInLog = 0;
		};
		BA64984EF3F3B28A85B53F93 /* [CP] Check Pods Manifest.lock */ = {
			isa = PBXShellScriptBuildPhase;
			buildActionMask = 2147483647;
			files = (
			);
			inputFileListPaths = (
			);
			inputPaths = (
				"${PODS_PODFILE_DIR_PATH}/Podfile.lock",
				"${PODS_ROOT}/Manifest.lock",
			);
			name = "[CP] Check Pods Manifest.lock";
			outputFileListPaths = (
			);
			outputPaths = (
				"$(DERIVED_FILE_DIR)/Pods-LImagePickerDemo-checkManifestLockResult.txt",
			);
			runOnlyForDeploymentPostprocessing = 0;
			shellPath = /bin/sh;
			shellScript = "diff \"${PODS_PODFILE_DIR_PATH}/Podfile.lock\" \"${PODS_ROOT}/Manifest.lock\" > /dev/null\nif [ $? != 0 ] ; then\n    # print error to STDERR\n    echo \"error: The sandbox is not in sync with the Podfile.lock. Run 'pod install' or update your CocoaPods installation.\" >&2\n    exit 1\nfi\n# This output is used by Xcode 'outputs' to avoid re-running this script phase.\necho \"SUCCESS\" > \"${SCRIPT_OUTPUT_FILE_0}\"\n";
			showEnvVarsInLog = 0;
		};
		BBA4FF7BF72C93FE5255A80B /* [CP] Embed Pods Frameworks */ = {
			isa = PBXShellScriptBuildPhase;
			buildActionMask = 2147483647;
			files = (
			);
			inputFileListPaths = (
				"${PODS_ROOT}/Target Support Files/Pods-LImagePickerDemo-LImagePickerDemoUITests/Pods-LImagePickerDemo-LImagePickerDemoUITests-frameworks-${CONFIGURATION}-input-files.xcfilelist",
			);
			name = "[CP] Embed Pods Frameworks";
			outputFileListPaths = (
				"${PODS_ROOT}/Target Support Files/Pods-LImagePickerDemo-LImagePickerDemoUITests/Pods-LImagePickerDemo-LImagePickerDemoUITests-frameworks-${CONFIGURATION}-output-files.xcfilelist",
			);
			runOnlyForDeploymentPostprocessing = 0;
			shellPath = /bin/sh;
			shellScript = "\"${PODS_ROOT}/Target Support Files/Pods-LImagePickerDemo-LImagePickerDemoUITests/Pods-LImagePickerDemo-LImagePickerDemoUITests-frameworks.sh\"\n";
			showEnvVarsInLog = 0;
		};
		FDDA0536A0A55C245950D3C8 /* [CP] Embed Pods Frameworks */ = {
			isa = PBXShellScriptBuildPhase;
			buildActionMask = 2147483647;
			files = (
			);
			inputFileListPaths = (
				"${PODS_ROOT}/Target Support Files/Pods-LImagePicker-LImagePickerTests/Pods-LImagePicker-LImagePickerTests-frameworks-${CONFIGURATION}-input-files.xcfilelist",
			);
			name = "[CP] Embed Pods Frameworks";
			outputFileListPaths = (
				"${PODS_ROOT}/Target Support Files/Pods-LImagePicker-LImagePickerTests/Pods-LImagePicker-LImagePickerTests-frameworks-${CONFIGURATION}-output-files.xcfilelist",
			);
			runOnlyForDeploymentPostprocessing = 0;
			shellPath = /bin/sh;
			shellScript = "\"${PODS_ROOT}/Target Support Files/Pods-LImagePicker-LImagePickerTests/Pods-LImagePicker-LImagePickerTests-frameworks.sh\"\n";
			showEnvVarsInLog = 0;
		};
/* End PBXShellScriptBuildPhase section */

/* Begin PBXSourcesBuildPhase section */
		2AEE0D1A24626C87008D5179 /* Sources */ = {
			isa = PBXSourcesBuildPhase;
			buildActionMask = 2147483647;
			files = (
				2A477155250862C700F9B839 /* 111ViewController.m in Sources */,
				2A47714F2508626000F9B839 /* TestViewController.swift in Sources */,
				2A477151250862AE00F9B839 /* LEditPickerNavView.swift in Sources */,
				2A47715A2508631B00F9B839 /* LShowImageFilterCell.swift in Sources */,
				2A47715B2508631B00F9B839 /* LShowImageFilterBar.swift in Sources */,
				2AEE0D2624626C87008D5179 /* ViewController.swift in Sources */,
				2AEE0D2224626C87008D5179 /* AppDelegate.swift in Sources */,
				2AEE0D2424626C87008D5179 /* SceneDelegate.swift in Sources */,
				CA9367C725121EDE00324C50 /* ModelTable.swift in Sources */,
				2AEE0D2C24626C87008D5179 /* LImagePickerDemo.xcdatamodeld in Sources */,
			);
			runOnlyForDeploymentPostprocessing = 0;
		};
		2AEE0D3324626C8B008D5179 /* Sources */ = {
			isa = PBXSourcesBuildPhase;
			buildActionMask = 2147483647;
			files = (
				2AEE0D3C24626C8B008D5179 /* LImagePickerDemoUITests.swift in Sources */,
			);
			runOnlyForDeploymentPostprocessing = 0;
		};
		2AEE0D4724626D15008D5179 /* Sources */ = {
			isa = PBXSourcesBuildPhase;
			buildActionMask = 2147483647;
			files = (
				CACA0F5A2574BF1B0008F7BE /* LImagePickerModel.swift in Sources */,
				CACA0F1525749FF30008F7BE /* LImagePicker+Extension.swift in Sources */,
				CACA0F2E2574A01D0008F7BE /* LPicturesSelectedView.swift in Sources */,
				CACA0EAC25749ED30008F7BE /* LPhotographGifCell.swift in Sources */,
				CACA0F292574A0170008F7BE /* LProgressBarView.swift in Sources */,
				CACA0EFC25749FCD0008F7BE /* LPreviewAnimation.swift in Sources */,
				CACA0EA725749EC90008F7BE /* LPhotographVideoCell.swift in Sources */,
				CACA0EC025749F0B0008F7BE /* LPhotoAlbumTableViewCell.swift in Sources */,
				CACA0F0625749FDC0008F7BE /* String+LImagePicker.swift in Sources */,
				CACA0EBB25749EFD0008F7BE /* LPhotoAlbumView.swift in Sources */,
				CACA0ED925749F4F0008F7BE /* LPreviewGifCell.swift in Sources */,
				CACA0E9825749E3D0008F7BE /* LPhotographController.swift in Sources */,
				CACA0F422574A05E0008F7BE /* LImagePickerProtocol.swift in Sources */,
				CACA0EC525749F1D0008F7BE /* LPreviewImageController.swift in Sources */,
				CACA0EE825749F730008F7BE /* LImageCroppingView.swift in Sources */,
				CACA0EB125749EDE0008F7BE /* LPhotographLivePhotoCell.swift in Sources */,
				CACA0FB625762ECF0008F7BE /* LTakingPicturesOperationView.swift in Sources */,
				CACA0F1F25749FFF0008F7BE /* LImagePickerOperation.swift in Sources */,
				CACA0F4F2574A0690008F7BE /* LImageBottomProtocl.swift in Sources */,
				CACA0F4A2574A0640008F7BE /* LImageNavProtocol.swift in Sources */,
				CACA0EA225749EBA0008F7BE /* LPhotographImageCell.swift in Sources */,
				CACA0E9D25749E7F0008F7BE /* LPhotographCollectionViewCell.swift in Sources */,
				CACA0EED25749F840008F7BE /* LTakingPicturesController.swift in Sources */,
				CACA0EB625749EEC0008F7BE /* LPhotoAlbumController.swift in Sources */,
				CACA0ED425749F470008F7BE /* LPreviewVideoCell.swift in Sources */,
				CACA0F1A25749FF90008F7BE /* LImagePickerManager.swift in Sources */,
				CACA0E9325749DF70008F7BE /* LImagePickerController.swift in Sources */,
				CACA0F1025749FEC0008F7BE /* UIImage+LImagePicker.swift in Sources */,
				CACA0FB1257624D30008F7BE /* LTakingPicturesProtocol.swift in Sources */,
				CACA0ECF25749F3C0008F7BE /* LPreviewImageCell.swift in Sources */,
				CACA0F0B25749FE30008F7BE /* UIColor+LImagePicker.swift in Sources */,
				CACA0EF725749F9A0008F7BE /* LEditPicturesController.swift in Sources */,
				CACA0EDE25749F590008F7BE /* LPreviewLivePhoteCell.swift in Sources */,
				CACA0F0125749FD40008F7BE /* LImagePcikerDefine.swift in Sources */,
				CACA0F242574A0060008F7BE /* LImagePickerConfiguration.swift in Sources */,
				CACA0EE325749F680008F7BE /* LPreviewVideoController.swift in Sources */,
				CACA0ECA25749F300008F7BE /* LPreviewCollectionViewCell.swift in Sources */,
				CACA0F382574A02B0008F7BE /* LImagePickerNavView.swift in Sources */,
				CACA0F3D2574A0320008F7BE /* LImageBottomView.swift in Sources */,
				CACA0F332574A0240008F7BE /* LImagePickerPromptView.swift in Sources */,
				CACA0EF225749F8E0008F7BE /* LTakingPicturesView.swift in Sources */,
				CACA0E8E25749DC20008F7BE /* LImagePickerNavigationController.swift in Sources */,
			);
			runOnlyForDeploymentPostprocessing = 0;
		};
		2AEE0D4F24626D16008D5179 /* Sources */ = {
			isa = PBXSourcesBuildPhase;
			buildActionMask = 2147483647;
			files = (
				2AEE0D5B24626D16008D5179 /* LImagePickerTests.swift in Sources */,
			);
			runOnlyForDeploymentPostprocessing = 0;
		};
/* End PBXSourcesBuildPhase section */

/* Begin PBXTargetDependency section */
		2AEE0D3924626C8B008D5179 /* PBXTargetDependency */ = {
			isa = PBXTargetDependency;
			target = 2AEE0D1D24626C87008D5179 /* LImagePickerDemo */;
			targetProxy = 2AEE0D3824626C8B008D5179 /* PBXContainerItemProxy */;
		};
		2AEE0D5624626D16008D5179 /* PBXTargetDependency */ = {
			isa = PBXTargetDependency;
			target = 2AEE0D4A24626D15008D5179 /* LImagePicker */;
			targetProxy = 2AEE0D5524626D16008D5179 /* PBXContainerItemProxy */;
		};
		2AEE0D5824626D16008D5179 /* PBXTargetDependency */ = {
			isa = PBXTargetDependency;
			target = 2AEE0D1D24626C87008D5179 /* LImagePickerDemo */;
			targetProxy = 2AEE0D5724626D16008D5179 /* PBXContainerItemProxy */;
		};
		2AEE0D5F24626D16008D5179 /* PBXTargetDependency */ = {
			isa = PBXTargetDependency;
			target = 2AEE0D4A24626D15008D5179 /* LImagePicker */;
			targetProxy = 2AEE0D5E24626D16008D5179 /* PBXContainerItemProxy */;
		};
/* End PBXTargetDependency section */

/* Begin PBXVariantGroup section */
		2AEE0D2724626C87008D5179 /* Main.storyboard */ = {
			isa = PBXVariantGroup;
			children = (
				2AEE0D2824626C87008D5179 /* Base */,
				2ACD8224246433D70070C4F0 /* zh-Hans */,
			);
			name = Main.storyboard;
			sourceTree = "<group>";
		};
		2AEE0D2F24626C8B008D5179 /* LaunchScreen.storyboard */ = {
			isa = PBXVariantGroup;
			children = (
				2AEE0D3024626C8B008D5179 /* Base */,
				2ACD8225246433D70070C4F0 /* zh-Hans */,
			);
			name = LaunchScreen.storyboard;
			sourceTree = "<group>";
		};
/* End PBXVariantGroup section */

/* Begin XCBuildConfiguration section */
		2AEE0D3E24626C8B008D5179 /* Debug */ = {
			isa = XCBuildConfiguration;
			buildSettings = {
				ALWAYS_SEARCH_USER_PATHS = NO;
				CLANG_ANALYZER_LOCALIZABILITY_NONLOCALIZED = YES;
				CLANG_ANALYZER_NONNULL = YES;
				CLANG_ANALYZER_NUMBER_OBJECT_CONVERSION = YES_AGGRESSIVE;
				CLANG_CXX_LANGUAGE_STANDARD = "gnu++14";
				CLANG_CXX_LIBRARY = "libc++";
				CLANG_ENABLE_MODULES = YES;
				CLANG_ENABLE_OBJC_ARC = YES;
				CLANG_ENABLE_OBJC_WEAK = YES;
				CLANG_WARN_BLOCK_CAPTURE_AUTORELEASING = YES;
				CLANG_WARN_BOOL_CONVERSION = YES;
				CLANG_WARN_COMMA = YES;
				CLANG_WARN_CONSTANT_CONVERSION = YES;
				CLANG_WARN_DEPRECATED_OBJC_IMPLEMENTATIONS = YES;
				CLANG_WARN_DIRECT_OBJC_ISA_USAGE = YES_ERROR;
				CLANG_WARN_DOCUMENTATION_COMMENTS = YES;
				CLANG_WARN_EMPTY_BODY = YES;
				CLANG_WARN_ENUM_CONVERSION = YES;
				CLANG_WARN_INFINITE_RECURSION = YES;
				CLANG_WARN_INT_CONVERSION = YES;
				CLANG_WARN_NON_LITERAL_NULL_CONVERSION = YES;
				CLANG_WARN_OBJC_IMPLICIT_RETAIN_SELF = YES;
				CLANG_WARN_OBJC_LITERAL_CONVERSION = YES;
				CLANG_WARN_OBJC_ROOT_CLASS = YES_ERROR;
				CLANG_WARN_RANGE_LOOP_ANALYSIS = YES;
				CLANG_WARN_STRICT_PROTOTYPES = YES;
				CLANG_WARN_SUSPICIOUS_MOVE = YES;
				CLANG_WARN_UNGUARDED_AVAILABILITY = YES_AGGRESSIVE;
				CLANG_WARN_UNREACHABLE_CODE = YES;
				CLANG_WARN__DUPLICATE_METHOD_MATCH = YES;
				COPY_PHASE_STRIP = NO;
				DEBUG_INFORMATION_FORMAT = dwarf;
				ENABLE_STRICT_OBJC_MSGSEND = YES;
				ENABLE_TESTABILITY = YES;
				GCC_C_LANGUAGE_STANDARD = gnu11;
				GCC_DYNAMIC_NO_PIC = NO;
				GCC_NO_COMMON_BLOCKS = YES;
				GCC_OPTIMIZATION_LEVEL = 0;
				GCC_PREPROCESSOR_DEFINITIONS = (
					"DEBUG=1",
					"$(inherited)",
				);
				GCC_WARN_64_TO_32_BIT_CONVERSION = YES;
				GCC_WARN_ABOUT_RETURN_TYPE = YES_ERROR;
				GCC_WARN_UNDECLARED_SELECTOR = YES;
				GCC_WARN_UNINITIALIZED_AUTOS = YES_AGGRESSIVE;
				GCC_WARN_UNUSED_FUNCTION = YES;
				GCC_WARN_UNUSED_VARIABLE = YES;
				IPHONEOS_DEPLOYMENT_TARGET = 10.0;
				MTL_ENABLE_DEBUG_INFO = INCLUDE_SOURCE;
				MTL_FAST_MATH = YES;
				ONLY_ACTIVE_ARCH = YES;
				SDKROOT = iphoneos;
				SWIFT_ACTIVE_COMPILATION_CONDITIONS = DEBUG;
				SWIFT_OBJC_BRIDGING_HEADER = "";
				SWIFT_OPTIMIZATION_LEVEL = "-Onone";
			};
			name = Debug;
		};
		2AEE0D3F24626C8B008D5179 /* Release */ = {
			isa = XCBuildConfiguration;
			buildSettings = {
				ALWAYS_SEARCH_USER_PATHS = NO;
				CLANG_ANALYZER_LOCALIZABILITY_NONLOCALIZED = YES;
				CLANG_ANALYZER_NONNULL = YES;
				CLANG_ANALYZER_NUMBER_OBJECT_CONVERSION = YES_AGGRESSIVE;
				CLANG_CXX_LANGUAGE_STANDARD = "gnu++14";
				CLANG_CXX_LIBRARY = "libc++";
				CLANG_ENABLE_MODULES = YES;
				CLANG_ENABLE_OBJC_ARC = YES;
				CLANG_ENABLE_OBJC_WEAK = YES;
				CLANG_WARN_BLOCK_CAPTURE_AUTORELEASING = YES;
				CLANG_WARN_BOOL_CONVERSION = YES;
				CLANG_WARN_COMMA = YES;
				CLANG_WARN_CONSTANT_CONVERSION = YES;
				CLANG_WARN_DEPRECATED_OBJC_IMPLEMENTATIONS = YES;
				CLANG_WARN_DIRECT_OBJC_ISA_USAGE = YES_ERROR;
				CLANG_WARN_DOCUMENTATION_COMMENTS = YES;
				CLANG_WARN_EMPTY_BODY = YES;
				CLANG_WARN_ENUM_CONVERSION = YES;
				CLANG_WARN_INFINITE_RECURSION = YES;
				CLANG_WARN_INT_CONVERSION = YES;
				CLANG_WARN_NON_LITERAL_NULL_CONVERSION = YES;
				CLANG_WARN_OBJC_IMPLICIT_RETAIN_SELF = YES;
				CLANG_WARN_OBJC_LITERAL_CONVERSION = YES;
				CLANG_WARN_OBJC_ROOT_CLASS = YES_ERROR;
				CLANG_WARN_RANGE_LOOP_ANALYSIS = YES;
				CLANG_WARN_STRICT_PROTOTYPES = YES;
				CLANG_WARN_SUSPICIOUS_MOVE = YES;
				CLANG_WARN_UNGUARDED_AVAILABILITY = YES_AGGRESSIVE;
				CLANG_WARN_UNREACHABLE_CODE = YES;
				CLANG_WARN__DUPLICATE_METHOD_MATCH = YES;
				COPY_PHASE_STRIP = NO;
				DEBUG_INFORMATION_FORMAT = "dwarf-with-dsym";
				ENABLE_NS_ASSERTIONS = NO;
				ENABLE_STRICT_OBJC_MSGSEND = YES;
				GCC_C_LANGUAGE_STANDARD = gnu11;
				GCC_NO_COMMON_BLOCKS = YES;
				GCC_WARN_64_TO_32_BIT_CONVERSION = YES;
				GCC_WARN_ABOUT_RETURN_TYPE = YES_ERROR;
				GCC_WARN_UNDECLARED_SELECTOR = YES;
				GCC_WARN_UNINITIALIZED_AUTOS = YES_AGGRESSIVE;
				GCC_WARN_UNUSED_FUNCTION = YES;
				GCC_WARN_UNUSED_VARIABLE = YES;
				IPHONEOS_DEPLOYMENT_TARGET = 10.0;
				MTL_ENABLE_DEBUG_INFO = NO;
				MTL_FAST_MATH = YES;
				SDKROOT = iphoneos;
				SWIFT_COMPILATION_MODE = wholemodule;
				SWIFT_OBJC_BRIDGING_HEADER = "";
				SWIFT_OPTIMIZATION_LEVEL = "-O";
				VALIDATE_PRODUCT = YES;
			};
			name = Release;
		};
		2AEE0D4124626C8B008D5179 /* Debug */ = {
			isa = XCBuildConfiguration;
			baseConfigurationReference = 426DB4729096E875B83AE9E9 /* Pods-LImagePickerDemo.debug.xcconfig */;
			buildSettings = {
				ALWAYS_EMBED_SWIFT_STANDARD_LIBRARIES = YES;
				ASSETCATALOG_COMPILER_APPICON_NAME = AppIcon;
				CLANG_ENABLE_MODULES = YES;
				CODE_SIGN_STYLE = Automatic;
				DEVELOPMENT_TEAM = AZM26TJN7U;
				INFOPLIST_FILE = LImagePickerDemo/Info.plist;
				IPHONEOS_DEPLOYMENT_TARGET = 10.0;
				LD_RUNPATH_SEARCH_PATHS = (
					"$(inherited)",
					"@executable_path/Frameworks",
				);
				PRODUCT_BUNDLE_IDENTIFIER = com.l.LImagePickerDemo;
				PRODUCT_NAME = "$(TARGET_NAME)";
				SWIFT_OBJC_BRIDGING_HEADER = "LImagePickerDemo/LImagePickerDemo-Bridging-Header.h";
				SWIFT_OPTIMIZATION_LEVEL = "-Onone";
				SWIFT_VERSION = 5.0;
				TARGETED_DEVICE_FAMILY = "1,2";
			};
			name = Debug;
		};
		2AEE0D4224626C8B008D5179 /* Release */ = {
			isa = XCBuildConfiguration;
			baseConfigurationReference = BE1A9ECADFED227E90A273D9 /* Pods-LImagePickerDemo.release.xcconfig */;
			buildSettings = {
				ALWAYS_EMBED_SWIFT_STANDARD_LIBRARIES = YES;
				ASSETCATALOG_COMPILER_APPICON_NAME = AppIcon;
				CLANG_ENABLE_MODULES = YES;
				CODE_SIGN_STYLE = Automatic;
				DEVELOPMENT_TEAM = AZM26TJN7U;
				INFOPLIST_FILE = LImagePickerDemo/Info.plist;
				IPHONEOS_DEPLOYMENT_TARGET = 10.0;
				LD_RUNPATH_SEARCH_PATHS = (
					"$(inherited)",
					"@executable_path/Frameworks",
				);
				PRODUCT_BUNDLE_IDENTIFIER = com.l.LImagePickerDemo;
				PRODUCT_NAME = "$(TARGET_NAME)";
				SWIFT_OBJC_BRIDGING_HEADER = "LImagePickerDemo/LImagePickerDemo-Bridging-Header.h";
				SWIFT_VERSION = 5.0;
				TARGETED_DEVICE_FAMILY = "1,2";
			};
			name = Release;
		};
		2AEE0D4424626C8B008D5179 /* Debug */ = {
			isa = XCBuildConfiguration;
			baseConfigurationReference = 685A9A7BD1E23A0EE9191ED9 /* Pods-LImagePickerDemo-LImagePickerDemoUITests.debug.xcconfig */;
			buildSettings = {
				ALWAYS_EMBED_SWIFT_STANDARD_LIBRARIES = YES;
				CODE_SIGN_STYLE = Automatic;
				DEVELOPMENT_TEAM = 5P2JD4K827;
				INFOPLIST_FILE = LImagePickerDemoUITests/Info.plist;
				LD_RUNPATH_SEARCH_PATHS = (
					"$(inherited)",
					"@executable_path/Frameworks",
					"@loader_path/Frameworks",
				);
				PRODUCT_BUNDLE_IDENTIFIER = com.l.LImagePickerDemoUITests;
				PRODUCT_NAME = "$(TARGET_NAME)";
				SWIFT_VERSION = 5.0;
				TARGETED_DEVICE_FAMILY = "1,2";
				TEST_TARGET_NAME = LImagePickerDemo;
			};
			name = Debug;
		};
		2AEE0D4524626C8B008D5179 /* Release */ = {
			isa = XCBuildConfiguration;
			baseConfigurationReference = E593C2F444C760FA6EE885A7 /* Pods-LImagePickerDemo-LImagePickerDemoUITests.release.xcconfig */;
			buildSettings = {
				ALWAYS_EMBED_SWIFT_STANDARD_LIBRARIES = YES;
				CODE_SIGN_STYLE = Automatic;
				DEVELOPMENT_TEAM = 5P2JD4K827;
				INFOPLIST_FILE = LImagePickerDemoUITests/Info.plist;
				LD_RUNPATH_SEARCH_PATHS = (
					"$(inherited)",
					"@executable_path/Frameworks",
					"@loader_path/Frameworks",
				);
				PRODUCT_BUNDLE_IDENTIFIER = com.l.LImagePickerDemoUITests;
				PRODUCT_NAME = "$(TARGET_NAME)";
				SWIFT_VERSION = 5.0;
				TARGETED_DEVICE_FAMILY = "1,2";
				TEST_TARGET_NAME = LImagePickerDemo;
			};
			name = Release;
		};
		2AEE0D6324626D16008D5179 /* Debug */ = {
			isa = XCBuildConfiguration;
			baseConfigurationReference = 2767F6AC369B16CC23B3C0A2 /* Pods-LImagePicker.debug.xcconfig */;
			buildSettings = {
				CLANG_ENABLE_MODULES = YES;
				CODE_SIGN_STYLE = Automatic;
				CURRENT_PROJECT_VERSION = 1;
				DEFINES_MODULE = YES;
				DEVELOPMENT_TEAM = AZM26TJN7U;
				DYLIB_COMPATIBILITY_VERSION = 1;
				DYLIB_CURRENT_VERSION = 1;
				DYLIB_INSTALL_NAME_BASE = "@rpath";
				INFOPLIST_FILE = LImagePicker/Info.plist;
				INSTALL_PATH = "$(LOCAL_LIBRARY_DIR)/Frameworks";
				IPHONEOS_DEPLOYMENT_TARGET = 10.0;
				LD_RUNPATH_SEARCH_PATHS = (
					"$(inherited)",
					"@executable_path/Frameworks",
					"@loader_path/Frameworks",
				);
				PRODUCT_BUNDLE_IDENTIFIER = com.l.LImagePicker;
				PRODUCT_NAME = "$(TARGET_NAME:c99extidentifier)";
				SKIP_INSTALL = YES;
				SUPPORTS_MACCATALYST = NO;
				SWIFT_OPTIMIZATION_LEVEL = "-Onone";
				SWIFT_VERSION = 5.0;
				TARGETED_DEVICE_FAMILY = "1,2";
				VERSIONING_SYSTEM = "apple-generic";
				VERSION_INFO_PREFIX = "";
			};
			name = Debug;
		};
		2AEE0D6424626D16008D5179 /* Release */ = {
			isa = XCBuildConfiguration;
			baseConfigurationReference = F10A9830BBAA32545D82EB59 /* Pods-LImagePicker.release.xcconfig */;
			buildSettings = {
				CLANG_ENABLE_MODULES = YES;
				CODE_SIGN_STYLE = Automatic;
				CURRENT_PROJECT_VERSION = 1;
				DEFINES_MODULE = YES;
				DEVELOPMENT_TEAM = AZM26TJN7U;
				DYLIB_COMPATIBILITY_VERSION = 1;
				DYLIB_CURRENT_VERSION = 1;
				DYLIB_INSTALL_NAME_BASE = "@rpath";
				INFOPLIST_FILE = LImagePicker/Info.plist;
				INSTALL_PATH = "$(LOCAL_LIBRARY_DIR)/Frameworks";
				IPHONEOS_DEPLOYMENT_TARGET = 10.0;
				LD_RUNPATH_SEARCH_PATHS = (
					"$(inherited)",
					"@executable_path/Frameworks",
					"@loader_path/Frameworks",
				);
				PRODUCT_BUNDLE_IDENTIFIER = com.l.LImagePicker;
				PRODUCT_NAME = "$(TARGET_NAME:c99extidentifier)";
				SKIP_INSTALL = YES;
				SUPPORTS_MACCATALYST = NO;
				SWIFT_VERSION = 5.0;
				TARGETED_DEVICE_FAMILY = "1,2";
				VERSIONING_SYSTEM = "apple-generic";
				VERSION_INFO_PREFIX = "";
			};
			name = Release;
		};
		2AEE0D6724626D16008D5179 /* Debug */ = {
			isa = XCBuildConfiguration;
			baseConfigurationReference = 9EE72F3B60D8ABA4C27E033F /* Pods-LImagePicker-LImagePickerTests.debug.xcconfig */;
			buildSettings = {
				ALWAYS_EMBED_SWIFT_STANDARD_LIBRARIES = YES;
				CODE_SIGN_STYLE = Automatic;
				DEVELOPMENT_TEAM = 5P2JD4K827;
				INFOPLIST_FILE = LImagePickerTests/Info.plist;
				IPHONEOS_DEPLOYMENT_TARGET = 13.4;
				LD_RUNPATH_SEARCH_PATHS = (
					"$(inherited)",
					"@executable_path/Frameworks",
					"@loader_path/Frameworks",
				);
				PRODUCT_BUNDLE_IDENTIFIER = com.l.LImagePickerTests;
				PRODUCT_NAME = "$(TARGET_NAME)";
				SWIFT_VERSION = 5.0;
				TARGETED_DEVICE_FAMILY = "1,2";
				TEST_HOST = "$(BUILT_PRODUCTS_DIR)/LImagePickerDemo.app/LImagePickerDemo";
			};
			name = Debug;
		};
		2AEE0D6824626D16008D5179 /* Release */ = {
			isa = XCBuildConfiguration;
			baseConfigurationReference = D529DBA0BCAD4D0586A5660B /* Pods-LImagePicker-LImagePickerTests.release.xcconfig */;
			buildSettings = {
				ALWAYS_EMBED_SWIFT_STANDARD_LIBRARIES = YES;
				CODE_SIGN_STYLE = Automatic;
				DEVELOPMENT_TEAM = 5P2JD4K827;
				INFOPLIST_FILE = LImagePickerTests/Info.plist;
				IPHONEOS_DEPLOYMENT_TARGET = 13.4;
				LD_RUNPATH_SEARCH_PATHS = (
					"$(inherited)",
					"@executable_path/Frameworks",
					"@loader_path/Frameworks",
				);
				PRODUCT_BUNDLE_IDENTIFIER = com.l.LImagePickerTests;
				PRODUCT_NAME = "$(TARGET_NAME)";
				SWIFT_VERSION = 5.0;
				TARGETED_DEVICE_FAMILY = "1,2";
				TEST_HOST = "$(BUILT_PRODUCTS_DIR)/LImagePickerDemo.app/LImagePickerDemo";
			};
			name = Release;
		};
/* End XCBuildConfiguration section */

/* Begin XCConfigurationList section */
		2AEE0D1924626C87008D5179 /* Build configuration list for PBXProject "LImagePickerDemo" */ = {
			isa = XCConfigurationList;
			buildConfigurations = (
				2AEE0D3E24626C8B008D5179 /* Debug */,
				2AEE0D3F24626C8B008D5179 /* Release */,
			);
			defaultConfigurationIsVisible = 0;
			defaultConfigurationName = Release;
		};
		2AEE0D4024626C8B008D5179 /* Build configuration list for PBXNativeTarget "LImagePickerDemo" */ = {
			isa = XCConfigurationList;
			buildConfigurations = (
				2AEE0D4124626C8B008D5179 /* Debug */,
				2AEE0D4224626C8B008D5179 /* Release */,
			);
			defaultConfigurationIsVisible = 0;
			defaultConfigurationName = Release;
		};
		2AEE0D4324626C8B008D5179 /* Build configuration list for PBXNativeTarget "LImagePickerDemoUITests" */ = {
			isa = XCConfigurationList;
			buildConfigurations = (
				2AEE0D4424626C8B008D5179 /* Debug */,
				2AEE0D4524626C8B008D5179 /* Release */,
			);
			defaultConfigurationIsVisible = 0;
			defaultConfigurationName = Release;
		};
		2AEE0D6224626D16008D5179 /* Build configuration list for PBXNativeTarget "LImagePicker" */ = {
			isa = XCConfigurationList;
			buildConfigurations = (
				2AEE0D6324626D16008D5179 /* Debug */,
				2AEE0D6424626D16008D5179 /* Release */,
			);
			defaultConfigurationIsVisible = 0;
			defaultConfigurationName = Release;
		};
		2AEE0D6624626D16008D5179 /* Build configuration list for PBXNativeTarget "LImagePickerTests" */ = {
			isa = XCConfigurationList;
			buildConfigurations = (
				2AEE0D6724626D16008D5179 /* Debug */,
				2AEE0D6824626D16008D5179 /* Release */,
			);
			defaultConfigurationIsVisible = 0;
			defaultConfigurationName = Release;
		};
/* End XCConfigurationList section */

/* Begin XCVersionGroup section */
		2AEE0D2A24626C87008D5179 /* LImagePickerDemo.xcdatamodeld */ = {
			isa = XCVersionGroup;
			children = (
				2AEE0D2B24626C87008D5179 /* LImagePickerDemo.xcdatamodel */,
			);
			currentVersion = 2AEE0D2B24626C87008D5179 /* LImagePickerDemo.xcdatamodel */;
			path = LImagePickerDemo.xcdatamodeld;
			sourceTree = "<group>";
			versionGroupType = wrapper.xcdatamodel;
		};
/* End XCVersionGroup section */
	};
	rootObject = 2AEE0D1624626C87008D5179 /* Project object */;
}
